// !$*UTF8*$!
{
	archiveVersion = 1;
	classes = {
	};
	objectVersion = 48;
	objects = {

/* Begin PBXBuildFile section */
		272B7B881F6F663D00D0C50A /* AppDelegate.swift in Sources */ = {isa = PBXBuildFile; fileRef = 272B7B871F6F663D00D0C50A /* AppDelegate.swift */; };
		272B7B8A1F6F663D00D0C50A /* ViewController.swift in Sources */ = {isa = PBXBuildFile; fileRef = 272B7B891F6F663D00D0C50A /* ViewController.swift */; };
		272B7B8D1F6F663D00D0C50A /* Main.storyboard in Resources */ = {isa = PBXBuildFile; fileRef = 272B7B8B1F6F663D00D0C50A /* Main.storyboard */; };
		272B7B8F1F6F663D00D0C50A /* Assets.xcassets in Resources */ = {isa = PBXBuildFile; fileRef = 272B7B8E1F6F663D00D0C50A /* Assets.xcassets */; };
		272B7B921F6F663D00D0C50A /* LaunchScreen.storyboard in Resources */ = {isa = PBXBuildFile; fileRef = 272B7B901F6F663D00D0C50A /* LaunchScreen.storyboard */; };
		272B7B9A1F6F69F800D0C50A /* NewsItem.swift in Sources */ = {isa = PBXBuildFile; fileRef = 272B7B991F6F69F800D0C50A /* NewsItem.swift */; };
		272B7B9C1F6F6B8E00D0C50A /* WebViewController.swift in Sources */ = {isa = PBXBuildFile; fileRef = 272B7B9B1F6F6B8E00D0C50A /* WebViewController.swift */; };
		272B7BA01F6F6D9E00D0C50A /* Reachability.m in Sources */ = {isa = PBXBuildFile; fileRef = 272B7B9E1F6F6D9E00D0C50A /* Reachability.m */; };
		272B7BA21F704ADB00D0C50A /* RSSParserDelegate.swift in Sources */ = {isa = PBXBuildFile; fileRef = 272B7BA11F704ADB00D0C50A /* RSSParserDelegate.swift */; };
/* End PBXBuildFile section */

/* Begin PBXFileReference section */
		272B7B841F6F663D00D0C50A /* RSSReader.app */ = {isa = PBXFileReference; explicitFileType = wrapper.application; includeInIndex = 0; path = RSSReader.app; sourceTree = BUILT_PRODUCTS_DIR; };
		272B7B871F6F663D00D0C50A /* AppDelegate.swift */ = {isa = PBXFileReference; lastKnownFileType = sourcecode.swift; path = AppDelegate.swift; sourceTree = "<group>"; };
		272B7B891F6F663D00D0C50A /* ViewController.swift */ = {isa = PBXFileReference; lastKnownFileType = sourcecode.swift; path = ViewController.swift; sourceTree = "<group>"; };
		272B7B8C1F6F663D00D0C50A /* Base */ = {isa = PBXFileReference; lastKnownFileType = file.storyboard; name = Base; path = Base.lproj/Main.storyboard; sourceTree = "<group>"; };
		272B7B8E1F6F663D00D0C50A /* Assets.xcassets */ = {isa = PBXFileReference; lastKnownFileType = folder.assetcatalog; path = Assets.xcassets; sourceTree = "<group>"; };
		272B7B911F6F663D00D0C50A /* Base */ = {isa = PBXFileReference; lastKnownFileType = file.storyboard; name = Base; path = Base.lproj/LaunchScreen.storyboard; sourceTree = "<group>"; };
		272B7B931F6F663D00D0C50A /* Info.plist */ = {isa = PBXFileReference; lastKnownFileType = text.plist.xml; path = Info.plist; sourceTree = "<group>"; };
		272B7B991F6F69F800D0C50A /* NewsItem.swift */ = {isa = PBXFileReference; lastKnownFileType = sourcecode.swift; path = NewsItem.swift; sourceTree = "<group>"; };
		272B7B9B1F6F6B8E00D0C50A /* WebViewController.swift */ = {isa = PBXFileReference; lastKnownFileType = sourcecode.swift; path = WebViewController.swift; sourceTree = "<group>"; };
		272B7B9D1F6F6D9D00D0C50A /* RSSReader-Bridging-Header.h */ = {isa = PBXFileReference; lastKnownFileType = sourcecode.c.h; path = "RSSReader-Bridging-Header.h"; sourceTree = "<group>"; };
		272B7B9E1F6F6D9E00D0C50A /* Reachability.m */ = {isa = PBXFileReference; lastKnownFileType = sourcecode.c.objc; path = Reachability.m; sourceTree = "<group>"; };
		272B7B9F1F6F6D9E00D0C50A /* Reachability.h */ = {isa = PBXFileReference; lastKnownFileType = sourcecode.c.h; path = Reachability.h; sourceTree = "<group>"; };
		272B7BA11F704ADB00D0C50A /* RSSParserDelegate.swift */ = {isa = PBXFileReference; lastKnownFileType = sourcecode.swift; path = RSSParserDelegate.swift; sourceTree = "<group>"; };
/* End PBXFileReference section */

/* Begin PBXFrameworksBuildPhase section */
		272B7B811F6F663D00D0C50A /* Frameworks */ = {
			isa = PBXFrameworksBuildPhase;
			buildActionMask = 2147483647;
			files = (
			);
			runOnlyForDeploymentPostprocessing = 0;
		};
/* End PBXFrameworksBuildPhase section */

/* Begin PBXGroup section */
		272B7B7B1F6F663D00D0C50A = {
			isa = PBXGroup;
			children = (
				272B7B861F6F663D00D0C50A /* RSSReader */,
				272B7B851F6F663D00D0C50A /* Products */,
			);
			sourceTree = "<group>";
		};
		272B7B851F6F663D00D0C50A /* Products */ = {
			isa = PBXGroup;
			children = (
				272B7B841F6F663D00D0C50A /* RSSReader.app */,
			);
			name = Products;
			sourceTree = "<group>";
		};
		272B7B861F6F663D00D0C50A /* RSSReader */ = {
			isa = PBXGroup;
			children = (
				272B7B871F6F663D00D0C50A /* AppDelegate.swift */,
				272B7B891F6F663D00D0C50A /* ViewController.swift */,
				272B7BA11F704ADB00D0C50A /* RSSParserDelegate.swift */,
				272B7B991F6F69F800D0C50A /* NewsItem.swift */,
				272B7B8B1F6F663D00D0C50A /* Main.storyboard */,
				272B7B9F1F6F6D9E00D0C50A /* Reachability.h */,
				272B7B9E1F6F6D9E00D0C50A /* Reachability.m */,
				272B7B9B1F6F6B8E00D0C50A /* WebViewController.swift */,
				272B7B8E1F6F663D00D0C50A /* Assets.xcassets */,
				272B7B901F6F663D00D0C50A /* LaunchScreen.storyboard */,
				272B7B931F6F663D00D0C50A /* Info.plist */,
				272B7B9D1F6F6D9D00D0C50A /* RSSReader-Bridging-Header.h */,
			);
			path = RSSReader;
			sourceTree = "<group>";
		};
/* End PBXGroup section */

/* Begin PBXNativeTarget section */
		272B7B831F6F663D00D0C50A /* RSSReader */ = {
			isa = PBXNativeTarget;
			buildConfigurationList = 272B7B961F6F663D00D0C50A /* Build configuration list for PBXNativeTarget "RSSReader" */;
			buildPhases = (
				272B7B801F6F663D00D0C50A /* Sources */,
				272B7B811F6F663D00D0C50A /* Frameworks */,
				272B7B821F6F663D00D0C50A /* Resources */,
			);
			buildRules = (
			);
			dependencies = (
			);
			name = RSSReader;
			productName = RSSReader;
			productReference = 272B7B841F6F663D00D0C50A /* RSSReader.app */;
			productType = "com.apple.product-type.application";
		};
/* End PBXNativeTarget section */

/* Begin PBXProject section */
		272B7B7C1F6F663D00D0C50A /* Project object */ = {
			isa = PBXProject;
			attributes = {
				LastSwiftUpdateCheck = 0900;
				LastUpgradeCheck = 0900;
				ORGANIZATIONNAME = mike;
				TargetAttributes = {
					272B7B831F6F663D00D0C50A = {
						CreatedOnToolsVersion = 9.0;
						LastSwiftMigration = 0900;
						ProvisioningStyle = Automatic;
					};
				};
			};
			buildConfigurationList = 272B7B7F1F6F663D00D0C50A /* Build configuration list for PBXProject "RSSReader" */;
			compatibilityVersion = "Xcode 8.0";
			developmentRegion = en;
			hasScannedForEncodings = 0;
			knownRegions = (
				en,
				Base,
			);
			mainGroup = 272B7B7B1F6F663D00D0C50A;
			productRefGroup = 272B7B851F6F663D00D0C50A /* Products */;
			projectDirPath = "";
			projectRoot = "";
			targets = (
				272B7B831F6F663D00D0C50A /* RSSReader */,
			);
		};
/* End PBXProject section */

/* Begin PBXResourcesBuildPhase section */
		272B7B821F6F663D00D0C50A /* Resources */ = {
			isa = PBXResourcesBuildPhase;
			buildActionMask = 2147483647;
			files = (
				272B7B921F6F663D00D0C50A /* LaunchScreen.storyboard in Resources */,
				272B7B8F1F6F663D00D0C50A /* Assets.xcassets in Resources */,
				272B7B8D1F6F663D00D0C50A /* Main.storyboard in Resources */,
			);
			runOnlyForDeploymentPostprocessing = 0;
		};
/* End PBXResourcesBuildPhase section */

/* Begin PBXSourcesBuildPhase section */
		272B7B801F6F663D00D0C50A /* Sources */ = {
			isa = PBXSourcesBuildPhase;
			buildActionMask = 2147483647;
			files = (
				272B7B8A1F6F663D00D0C50A /* ViewController.swift in Sources */,
				272B7B9A1F6F69F800D0C50A /* NewsItem.swift in Sources */,
				272B7B881F6F663D00D0C50A /* AppDelegate.swift in Sources */,
				272B7B9C1F6F6B8E00D0C50A /* WebViewController.swift in Sources */,
				272B7BA21F704ADB00D0C50A /* RSSParserDelegate.swift in Sources */,
				272B7BA01F6F6D9E00D0C50A /* Reachability.m in Sources */,
			);
			runOnlyForDeploymentPostprocessing = 0;
		};
/* End PBXSourcesBuildPhase section */

/* Begin PBXVariantGroup section */
		272B7B8B1F6F663D00D0C50A /* Main.storyboard */ = {
			isa = PBXVariantGroup;
			children = (
				272B7B8C1F6F663D00D0C50A /* Base */,
			);
			name = Main.storyboard;
			sourceTree = "<group>";
		};
		272B7B901F6F663D00D0C50A /* LaunchScreen.storyboard */ = {
			isa = PBXVariantGroup;
			children = (
				272B7B911F6F663D00D0C50A /* Base */,
			);
			name = LaunchScreen.storyboard;
			sourceTree = "<group>";
		};
/* End PBXVariantGroup section */

/* Begin XCBuildConfiguration section */
		272B7B941F6F663D00D0C50A /* Debug */ = {
			isa = XCBuildConfiguration;
			buildSettings = {
				ALWAYS_SEARCH_USER_PATHS = NO;
				CLANG_ANALYZER_NONNULL = YES;
				CLANG_ANALYZER_NUMBER_OBJECT_CONVERSION = YES_AGGRESSIVE;
				CLANG_CXX_LANGUAGE_STANDARD = "gnu++14";
				CLANG_CXX_LIBRARY = "libc++";
				CLANG_ENABLE_MODULES = YES;
				CLANG_ENABLE_OBJC_ARC = YES;
				CLANG_WARN_BLOCK_CAPTURE_AUTORELEASING = YES;
				CLANG_WARN_BOOL_CONVERSION = YES;
				CLANG_WARN_COMMA = YES;
				CLANG_WARN_CONSTANT_CONVERSION = YES;
				CLANG_WARN_DIRECT_OBJC_ISA_USAGE = YES_ERROR;
				CLANG_WARN_DOCUMENTATION_COMMENTS = YES;
				CLANG_WARN_EMPTY_BODY = YES;
				CLANG_WARN_ENUM_CONVERSION = YES;
				CLANG_WARN_INFINITE_RECURSION = YES;
				CLANG_WARN_INT_CONVERSION = YES;
				CLANG_WARN_NON_LITERAL_NULL_CONVERSION = YES;
				CLANG_WARN_OBJC_LITERAL_CONVERSION = YES;
				CLANG_WARN_OBJC_ROOT_CLASS = YES_ERROR;
				CLANG_WARN_RANGE_LOOP_ANALYSIS = YES;
				CLANG_WARN_STRICT_PROTOTYPES = YES;
				CLANG_WARN_SUSPICIOUS_MOVE = YES;
				CLANG_WARN_UNGUARDED_AVAILABILITY = YES_AGGRESSIVE;
				CLANG_WARN_UNREACHABLE_CODE = YES;
				CLANG_WARN__DUPLICATE_METHOD_MATCH = YES;
				CODE_SIGN_IDENTITY = "iPhone Developer";
				COPY_PHASE_STRIP = NO;
				DEBUG_INFORMATION_FORMAT = dwarf;
				ENABLE_STRICT_OBJC_MSGSEND = YES;
				ENABLE_TESTABILITY = YES;
				GCC_C_LANGUAGE_STANDARD = gnu11;
				GCC_DYNAMIC_NO_PIC = NO;
				GCC_NO_COMMON_BLOCKS = YES;
				GCC_OPTIMIZATION_LEVEL = 0;
				GCC_PREPROCESSOR_DEFINITIONS = (
					"DEBUG=1",
					"$(inherited)",
				);
				GCC_WARN_64_TO_32_BIT_CONVERSION = YES;
				GCC_WARN_ABOUT_RETURN_TYPE = YES_ERROR;
				GCC_WARN_UNDECLARED_SELECTOR = YES;
				GCC_WARN_UNINITIALIZED_AUTOS = YES_AGGRESSIVE;
				GCC_WARN_UNUSED_FUNCTION = YES;
				GCC_WARN_UNUSED_VARIABLE = YES;
				IPHONEOS_DEPLOYMENT_TARGET = 11.0;
				MTL_ENABLE_DEBUG_INFO = YES;
				ONLY_ACTIVE_ARCH = YES;
				SDKROOT = iphoneos;
				SWIFT_ACTIVE_COMPILATION_CONDITIONS = DEBUG;
				SWIFT_OPTIMIZATION_LEVEL = "-Onone";
			};
			name = Debug;
		};
		272B7B951F6F663D00D0C50A /* Release */ = {
			isa = XCBuildConfiguration;
			buildSettings = {
				ALWAYS_SEARCH_USER_PATHS = NO;
				CLANG_ANALYZER_NONNULL = YES;
				CLANG_ANALYZER_NUMBER_OBJECT_CONVERSION = YES_AGGRESSIVE;
				CLANG_CXX_LANGUAGE_STANDARD = "gnu++14";
				CLANG_CXX_LIBRARY = "libc++";
				CLANG_ENABLE_MODULES = YES;
				CLANG_ENABLE_OBJC_ARC = YES;
				CLANG_WARN_BLOCK_CAPTURE_AUTORELEASING = YES;
				CLANG_WARN_BOOL_CONVERSION = YES;
				CLANG_WARN_COMMA = YES;
				CLANG_WARN_CONSTANT_CONVERSION = YES;
				CLANG_WARN_DIRECT_OBJC_ISA_USAGE = YES_ERROR;
				CLANG_WARN_DOCUMENTATION_COMMENTS = YES;
				CLANG_WARN_EMPTY_BODY = YES;
				CLANG_WARN_ENUM_CONVERSION = YES;
				CLANG_WARN_INFINITE_RECURSION = YES;
				CLANG_WARN_INT_CONVERSION = YES;
				CLANG_WARN_NON_LITERAL_NULL_CONVERSION = YES;
				CLANG_WARN_OBJC_LITERAL_CONVERSION = YES;
				CLANG_WARN_OBJC_ROOT_CLASS = YES_ERROR;
				CLANG_WARN_RANGE_LOOP_ANALYSIS = YES;
				CLANG_WARN_STRICT_PROTOTYPES = YES;
				CLANG_WARN_SUSPICIOUS_MOVE = YES;
				CLANG_WARN_UNGUARDED_AVAILABILITY = YES_AGGRESSIVE;
				CLANG_WARN_UNREACHABLE_CODE = YES;
				CLANG_WARN__DUPLICATE_METHOD_MATCH = YES;
				CODE_SIGN_IDENTITY = "iPhone Developer";
				COPY_PHASE_STRIP = NO;
				DEBUG_INFORMATION_FORMAT = "dwarf-with-dsym";
				ENABLE_NS_ASSERTIONS = NO;
				ENABLE_STRICT_OBJC_MSGSEND = YES;
				GCC_C_LANGUAGE_STANDARD = gnu11;
				GCC_NO_COMMON_BLOCKS = YES;
				GCC_WARN_64_TO_32_BIT_CONVERSION = YES;
				GCC_WARN_ABOUT_RETURN_TYPE = YES_ERROR;
				GCC_WARN_UNDECLARED_SELECTOR = YES;
				GCC_WARN_UNINITIALIZED_AUTOS = YES_AGGRESSIVE;
				GCC_WARN_UNUSED_FUNCTION = YES;
				GCC_WARN_UNUSED_VARIABLE = YES;
				IPHONEOS_DEPLOYMENT_TARGET = 11.0;
				MTL_ENABLE_DEBUG_INFO = NO;
				SDKROOT = iphoneos;
				SWIFT_OPTIMIZATION_LEVEL = "-Owholemodule";
				VALIDATE_PRODUCT = YES;
			};
			name = Release;
		};
		272B7B971F6F663D00D0C50A /* Debug */ = {
			isa = XCBuildConfiguration;
			buildSettings = {
				ASSETCATALOG_COMPILER_APPICON_NAME = AppIcon;
				CLANG_ENABLE_MODULES = YES;
				CODE_SIGN_STYLE = Automatic;
				INFOPLIST_FILE = RSSReader/Info.plist;
				LD_RUNPATH_SEARCH_PATHS = "$(inherited) @executable_path/Frameworks";
				PRODUCT_BUNDLE_IDENTIFIER = com.mike.RSSReader;
				PRODUCT_NAME = "$(TARGET_NAME)";
				SWIFT_OBJC_BRIDGING_HEADER = "RSSReader/RSSReader-Bridging-Header.h";
				SWIFT_OPTIMIZATION_LEVEL = "-Onone";
				SWIFT_VERSION = 4.0;
				TARGETED_DEVICE_FAMILY = "1,2";
			};
			name = Debug;
		};
		272B7B981F6F663D00D0C50A /* Release */ = {
			isa = XCBuildConfiguration;
			buildSettings = {
				ASSETCATALOG_COMPILER_APPICON_NAME = AppIcon;
				CLANG_ENABLE_MODULES = YES;
				CODE_SIGN_STYLE = Automatic;
				INFOPLIST_FILE = RSSReader/Info.plist;
				LD_RUNPATH_SEARCH_PATHS = "$(inherited) @executable_path/Frameworks";
				PRODUCT_BUNDLE_IDENTIFIER = com.mike.RSSReader;
				PRODUCT_NAME = "$(TARGET_NAME)";
				SWIFT_OBJC_BRIDGING_HEADER = "RSSReader/RSSReader-Bridging-Header.h";
				SWIFT_VERSION = 4.0;
				TARGETED_DEVICE_FAMILY = "1,2";
			};
			name = Release;
		};
/* End XCBuildConfiguration section */

/* Begin XCConfigurationList section */
		272B7B7F1F6F663D00D0C50A /* Build configuration list for PBXProject "RSSReader" */ = {
			isa = XCConfigurationList;
			buildConfigurations = (
				272B7B941F6F663D00D0C50A /* Debug */,
				272B7B951F6F663D00D0C50A /* Release */,
			);
			defaultConfigurationIsVisible = 0;
			defaultConfigurationName = Release;
		};
		272B7B961F6F663D00D0C50A /* Build configuration list for PBXNativeTarget "RSSReader" */ = {
			isa = XCConfigurationList;
			buildConfigurations = (
				272B7B971F6F663D00D0C50A /* Debug */,
				272B7B981F6F663D00D0C50A /* Release */,
			);
			defaultConfigurationIsVisible = 0;
			defaultConfigurationName = Release;
		};
/* End XCConfigurationList section */
	};
	rootObject = 272B7B7C1F6F663D00D0C50A /* Project object */;
}
