// !$*UTF8*$!
{
	archiveVersion = 1;
	classes = {
	};
	objectVersion = 48;
	objects = {

/* Begin PBXBuildFile section */
		272C6FCF1F711DA100C1B823 /* AppDelegate.swift in Sources */ = {isa = PBXBuildFile; fileRef = 272C6FCE1F711DA100C1B823 /* AppDelegate.swift */; };
		272C6FD11F711DA100C1B823 /* ViewController.swift in Sources */ = {isa = PBXBuildFile; fileRef = 272C6FD01F711DA100C1B823 /* ViewController.swift */; };
		272C6FD41F711DA100C1B823 /* Main.storyboard in Resources */ = {isa = PBXBuildFile; fileRef = 272C6FD21F711DA100C1B823 /* Main.storyboard */; };
		272C6FD71F711DA100C1B823 /* QuickDial.xcdatamodeld in Sources */ = {isa = PBXBuildFile; fileRef = 272C6FD51F711DA100C1B823 /* QuickDial.xcdatamodeld */; };
		272C6FD91F711DA100C1B823 /* Assets.xcassets in Resources */ = {isa = PBXBuildFile; fileRef = 272C6FD81F711DA100C1B823 /* Assets.xcassets */; };
		272C6FDC1F711DA100C1B823 /* LaunchScreen.storyboard in Resources */ = {isa = PBXBuildFile; fileRef = 272C6FDA1F711DA100C1B823 /* LaunchScreen.storyboard */; };
/* End PBXBuildFile section */

/* Begin PBXFileReference section */
		272C6FCB1F711DA100C1B823 /* QuickDial.app */ = {isa = PBXFileReference; explicitFileType = wrapper.application; includeInIndex = 0; path = QuickDial.app; sourceTree = BUILT_PRODUCTS_DIR; };
		272C6FCE1F711DA100C1B823 /* AppDelegate.swift */ = {isa = PBXFileReference; lastKnownFileType = sourcecode.swift; path = AppDelegate.swift; sourceTree = "<group>"; };
		272C6FD01F711DA100C1B823 /* ViewController.swift */ = {isa = PBXFileReference; lastKnownFileType = sourcecode.swift; path = ViewController.swift; sourceTree = "<group>"; };
		272C6FD31F711DA100C1B823 /* Base */ = {isa = PBXFileReference; lastKnownFileType = file.storyboard; name = Base; path = Base.lproj/Main.storyboard; sourceTree = "<group>"; };
		272C6FD61F711DA100C1B823 /* QuickDial.xcdatamodel */ = {isa = PBXFileReference; lastKnownFileType = wrapper.xcdatamodel; path = QuickDial.xcdatamodel; sourceTree = "<group>"; };
		272C6FD81F711DA100C1B823 /* Assets.xcassets */ = {isa = PBXFileReference; lastKnownFileType = folder.assetcatalog; path = Assets.xcassets; sourceTree = "<group>"; };
		272C6FDB1F711DA100C1B823 /* Base */ = {isa = PBXFileReference; lastKnownFileType = file.storyboard; name = Base; path = Base.lproj/LaunchScreen.storyboard; sourceTree = "<group>"; };
		272C6FDD1F711DA100C1B823 /* Info.plist */ = {isa = PBXFileReference; lastKnownFileType = text.plist.xml; path = Info.plist; sourceTree = "<group>"; };
/* End PBXFileReference section */

/* Begin PBXFrameworksBuildPhase section */
		272C6FC81F711DA100C1B823 /* Frameworks */ = {
			isa = PBXFrameworksBuildPhase;
			buildActionMask = 2147483647;
			files = (
			);
			runOnlyForDeploymentPostprocessing = 0;
		};
/* End PBXFrameworksBuildPhase section */

/* Begin PBXGroup section */
		272C6FC21F711DA100C1B823 = {
			isa = PBXGroup;
			children = (
				272C6FCD1F711DA100C1B823 /* QuickDial */,
				272C6FCC1F711DA100C1B823 /* Products */,
			);
			sourceTree = "<group>";
		};
		272C6FCC1F711DA100C1B823 /* Products */ = {
			isa = PBXGroup;
			children = (
				272C6FCB1F711DA100C1B823 /* QuickDial.app */,
			);
			name = Products;
			sourceTree = "<group>";
		};
		272C6FCD1F711DA100C1B823 /* QuickDial */ = {
			isa = PBXGroup;
			children = (
				272C6FCE1F711DA100C1B823 /* AppDelegate.swift */,
				272C6FD01F711DA100C1B823 /* ViewController.swift */,
				272C6FD21F711DA100C1B823 /* Main.storyboard */,
				272C6FD81F711DA100C1B823 /* Assets.xcassets */,
				272C6FDA1F711DA100C1B823 /* LaunchScreen.storyboard */,
				272C6FDD1F711DA100C1B823 /* Info.plist */,
				272C6FD51F711DA100C1B823 /* QuickDial.xcdatamodeld */,
			);
			path = QuickDial;
			sourceTree = "<group>";
		};
/* End PBXGroup section */

/* Begin PBXNativeTarget section */
		272C6FCA1F711DA100C1B823 /* QuickDial */ = {
			isa = PBXNativeTarget;
			buildConfigurationList = 272C6FE01F711DA100C1B823 /* Build configuration list for PBXNativeTarget "QuickDial" */;
			buildPhases = (
				272C6FC71F711DA100C1B823 /* Sources */,
				272C6FC81F711DA100C1B823 /* Frameworks */,
				272C6FC91F711DA100C1B823 /* Resources */,
			);
			buildRules = (
			);
			dependencies = (
			);
			name = QuickDial;
			productName = QuickDial;
			productReference = 272C6FCB1F711DA100C1B823 /* QuickDial.app */;
			productType = "com.apple.product-type.application";
		};
/* End PBXNativeTarget section */

/* Begin PBXProject section */
		272C6FC31F711DA100C1B823 /* Project object */ = {
			isa = PBXProject;
			attributes = {
				LastSwiftUpdateCheck = 0900;
				LastUpgradeCheck = 0900;
				ORGANIZATIONNAME = mike;
				TargetAttributes = {
					272C6FCA1F711DA100C1B823 = {
						CreatedOnToolsVersion = 9.0;
						ProvisioningStyle = Automatic;
					};
				};
			};
			buildConfigurationList = 272C6FC61F711DA100C1B823 /* Build configuration list for PBXProject "QuickDial" */;
			compatibilityVersion = "Xcode 8.0";
			developmentRegion = en;
			hasScannedForEncodings = 0;
			knownRegions = (
				en,
				Base,
			);
			mainGroup = 272C6FC21F711DA100C1B823;
			productRefGroup = 272C6FCC1F711DA100C1B823 /* Products */;
			projectDirPath = "";
			projectRoot = "";
			targets = (
				272C6FCA1F711DA100C1B823 /* QuickDial */,
			);
		};
/* End PBXProject section */

/* Begin PBXResourcesBuildPhase section */
		272C6FC91F711DA100C1B823 /* Resources */ = {
			isa = PBXResourcesBuildPhase;
			buildActionMask = 2147483647;
			files = (
				272C6FDC1F711DA100C1B823 /* LaunchScreen.storyboard in Resources */,
				272C6FD91F711DA100C1B823 /* Assets.xcassets in Resources */,
				272C6FD41F711DA100C1B823 /* Main.storyboard in Resources */,
			);
			runOnlyForDeploymentPostprocessing = 0;
		};
/* End PBXResourcesBuildPhase section */

/* Begin PBXSourcesBuildPhase section */
		272C6FC71F711DA100C1B823 /* Sources */ = {
			isa = PBXSourcesBuildPhase;
			buildActionMask = 2147483647;
			files = (
				272C6FD11F711DA100C1B823 /* ViewController.swift in Sources */,
				272C6FD71F711DA100C1B823 /* QuickDial.xcdatamodeld in Sources */,
				272C6FCF1F711DA100C1B823 /* AppDelegate.swift in Sources */,
			);
			runOnlyForDeploymentPostprocessing = 0;
		};
/* End PBXSourcesBuildPhase section */

/* Begin PBXVariantGroup section */
		272C6FD21F711DA100C1B823 /* Main.storyboard */ = {
			isa = PBXVariantGroup;
			children = (
				272C6FD31F711DA100C1B823 /* Base */,
			);
			name = Main.storyboard;
			sourceTree = "<group>";
		};
		272C6FDA1F711DA100C1B823 /* LaunchScreen.storyboard */ = {
			isa = PBXVariantGroup;
			children = (
				272C6FDB1F711DA100C1B823 /* Base */,
			);
			name = LaunchScreen.storyboard;
			sourceTree = "<group>";
		};
/* End PBXVariantGroup section */

/* Begin XCBuildConfiguration section */
		272C6FDE1F711DA100C1B823 /* Debug */ = {
			isa = XCBuildConfiguration;
			buildSettings = {
				ALWAYS_SEARCH_USER_PATHS = NO;
				CLANG_ANALYZER_NONNULL = YES;
				CLANG_ANALYZER_NUMBER_OBJECT_CONVERSION = YES_AGGRESSIVE;
				CLANG_CXX_LANGUAGE_STANDARD = "gnu++14";
				CLANG_CXX_LIBRARY = "libc++";
				CLANG_ENABLE_MODULES = YES;
				CLANG_ENABLE_OBJC_ARC = YES;
				CLANG_WARN_BLOCK_CAPTURE_AUTORELEASING = YES;
				CLANG_WARN_BOOL_CONVERSION = YES;
				CLANG_WARN_COMMA = YES;
				CLANG_WARN_CONSTANT_CONVERSION = YES;
				CLANG_WARN_DIRECT_OBJC_ISA_USAGE = YES_ERROR;
				CLANG_WARN_DOCUMENTATION_COMMENTS = YES;
				CLANG_WARN_EMPTY_BODY = YES;
				CLANG_WARN_ENUM_CONVERSION = YES;
				CLANG_WARN_INFINITE_RECURSION = YES;
				CLANG_WARN_INT_CONVERSION = YES;
				CLANG_WARN_NON_LITERAL_NULL_CONVERSION = YES;
				CLANG_WARN_OBJC_LITERAL_CONVERSION = YES;
				CLANG_WARN_OBJC_ROOT_CLASS = YES_ERROR;
				CLANG_WARN_RANGE_LOOP_ANALYSIS = YES;
				CLANG_WARN_STRICT_PROTOTYPES = YES;
				CLANG_WARN_SUSPICIOUS_MOVE = YES;
				CLANG_WARN_UNGUARDED_AVAILABILITY = YES_AGGRESSIVE;
				CLANG_WARN_UNREACHABLE_CODE = YES;
				CLANG_WARN__DUPLICATE_METHOD_MATCH = YES;
				CODE_SIGN_IDENTITY = "iPhone Developer";
				COPY_PHASE_STRIP = NO;
				DEBUG_INFORMATION_FORMAT = dwarf;
				ENABLE_STRICT_OBJC_MSGSEND = YES;
				ENABLE_TESTABILITY = YES;
				GCC_C_LANGUAGE_STANDARD = gnu11;
				GCC_DYNAMIC_NO_PIC = NO;
				GCC_NO_COMMON_BLOCKS = YES;
				GCC_OPTIMIZATION_LEVEL = 0;
				GCC_PREPROCESSOR_DEFINITIONS = (
					"DEBUG=1",
					"$(inherited)",
				);
				GCC_WARN_64_TO_32_BIT_CONVERSION = YES;
				GCC_WARN_ABOUT_RETURN_TYPE = YES_ERROR;
				GCC_WARN_UNDECLARED_SELECTOR = YES;
				GCC_WARN_UNINITIALIZED_AUTOS = YES_AGGRESSIVE;
				GCC_WARN_UNUSED_FUNCTION = YES;
				GCC_WARN_UNUSED_VARIABLE = YES;
				IPHONEOS_DEPLOYMENT_TARGET = 11.0;
				MTL_ENABLE_DEBUG_INFO = YES;
				ONLY_ACTIVE_ARCH = YES;
				SDKROOT = iphoneos;
				SWIFT_ACTIVE_COMPILATION_CONDITIONS = DEBUG;
				SWIFT_OPTIMIZATION_LEVEL = "-Onone";
			};
			name = Debug;
		};
		272C6FDF1F711DA100C1B823 /* Release */ = {
			isa = XCBuildConfiguration;
			buildSettings = {
				ALWAYS_SEARCH_USER_PATHS = NO;
				CLANG_ANALYZER_NONNULL = YES;
				CLANG_ANALYZER_NUMBER_OBJECT_CONVERSION = YES_AGGRESSIVE;
				CLANG_CXX_LANGUAGE_STANDARD = "gnu++14";
				CLANG_CXX_LIBRARY = "libc++";
				CLANG_ENABLE_MODULES = YES;
				CLANG_ENABLE_OBJC_ARC = YES;
				CLANG_WARN_BLOCK_CAPTURE_AUTORELEASING = YES;
				CLANG_WARN_BOOL_CONVERSION = YES;
				CLANG_WARN_COMMA = YES;
				CLANG_WARN_CONSTANT_CONVERSION = YES;
				CLANG_WARN_DIRECT_OBJC_ISA_USAGE = YES_ERROR;
				CLANG_WARN_DOCUMENTATION_COMMENTS = YES;
				CLANG_WARN_EMPTY_BODY = YES;
				CLANG_WARN_ENUM_CONVERSION = YES;
				CLANG_WARN_INFINITE_RECURSION = YES;
				CLANG_WARN_INT_CONVERSION = YES;
				CLANG_WARN_NON_LITERAL_NULL_CONVERSION = YES;
				CLANG_WARN_OBJC_LITERAL_CONVERSION = YES;
				CLANG_WARN_OBJC_ROOT_CLASS = YES_ERROR;
				CLANG_WARN_RANGE_LOOP_ANALYSIS = YES;
				CLANG_WARN_STRICT_PROTOTYPES = YES;
				CLANG_WARN_SUSPICIOUS_MOVE = YES;
				CLANG_WARN_UNGUARDED_AVAILABILITY = YES_AGGRESSIVE;
				CLANG_WARN_UNREACHABLE_CODE = YES;
				CLANG_WARN__DUPLICATE_METHOD_MATCH = YES;
				CODE_SIGN_IDENTITY = "iPhone Developer";
				COPY_PHASE_STRIP = NO;
				DEBUG_INFORMATION_FORMAT = "dwarf-with-dsym";
				ENABLE_NS_ASSERTIONS = NO;
				ENABLE_STRICT_OBJC_MSGSEND = YES;
				GCC_C_LANGUAGE_STANDARD = gnu11;
				GCC_NO_COMMON_BLOCKS = YES;
				GCC_WARN_64_TO_32_BIT_CONVERSION = YES;
				GCC_WARN_ABOUT_RETURN_TYPE = YES_ERROR;
				GCC_WARN_UNDECLARED_SELECTOR = YES;
				GCC_WARN_UNINITIALIZED_AUTOS = YES_AGGRESSIVE;
				GCC_WARN_UNUSED_FUNCTION = YES;
				GCC_WARN_UNUSED_VARIABLE = YES;
				IPHONEOS_DEPLOYMENT_TARGET = 11.0;
				MTL_ENABLE_DEBUG_INFO = NO;
				SDKROOT = iphoneos;
				SWIFT_OPTIMIZATION_LEVEL = "-Owholemodule";
				VALIDATE_PRODUCT = YES;
			};
			name = Release;
		};
		272C6FE11F711DA100C1B823 /* Debug */ = {
			isa = XCBuildConfiguration;
			buildSettings = {
				ASSETCATALOG_COMPILER_APPICON_NAME = AppIcon;
				CODE_SIGN_STYLE = Automatic;
				INFOPLIST_FILE = QuickDial/Info.plist;
				LD_RUNPATH_SEARCH_PATHS = "$(inherited) @executable_path/Frameworks";
				PRODUCT_BUNDLE_IDENTIFIER = com.mike.QuickDial;
				PRODUCT_NAME = "$(TARGET_NAME)";
				SWIFT_VERSION = 4.0;
				TARGETED_DEVICE_FAMILY = "1,2";
			};
			name = Debug;
		};
		272C6FE21F711DA100C1B823 /* Release */ = {
			isa = XCBuildConfiguration;
			buildSettings = {
				ASSETCATALOG_COMPILER_APPICON_NAME = AppIcon;
				CODE_SIGN_STYLE = Automatic;
				INFOPLIST_FILE = QuickDial/Info.plist;
				LD_RUNPATH_SEARCH_PATHS = "$(inherited) @executable_path/Frameworks";
				PRODUCT_BUNDLE_IDENTIFIER = com.mike.QuickDial;
				PRODUCT_NAME = "$(TARGET_NAME)";
				SWIFT_VERSION = 4.0;
				TARGETED_DEVICE_FAMILY = "1,2";
			};
			name = Release;
		};
/* End XCBuildConfiguration section */

/* Begin XCConfigurationList section */
		272C6FC61F711DA100C1B823 /* Build configuration list for PBXProject "QuickDial" */ = {
			isa = XCConfigurationList;
			buildConfigurations = (
				272C6FDE1F711DA100C1B823 /* Debug */,
				272C6FDF1F711DA100C1B823 /* Release */,
			);
			defaultConfigurationIsVisible = 0;
			defaultConfigurationName = Release;
		};
		272C6FE01F711DA100C1B823 /* Build configuration list for PBXNativeTarget "QuickDial" */ = {
			isa = XCConfigurationList;
			buildConfigurations = (
				272C6FE11F711DA100C1B823 /* Debug */,
				272C6FE21F711DA100C1B823 /* Release */,
			);
			defaultConfigurationIsVisible = 0;
			defaultConfigurationName = Release;
		};
/* End XCConfigurationList section */

/* Begin XCVersionGroup section */
		272C6FD51F711DA100C1B823 /* QuickDial.xcdatamodeld */ = {
			isa = XCVersionGroup;
			children = (
				272C6FD61F711DA100C1B823 /* QuickDial.xcdatamodel */,
			);
			currentVersion = 272C6FD61F711DA100C1B823 /* QuickDial.xcdatamodel */;
			path = QuickDial.xcdatamodeld;
			sourceTree = "<group>";
			versionGroupType = wrapper.xcdatamodel;
		};
/* End XCVersionGroup section */
	};
	rootObject = 272C6FC31F711DA100C1B823 /* Project object */;
}
