// !$*UTF8*$!
{
	archiveVersion = 1;
	classes = {
	};
	objectVersion = 48;
	objects = {

/* Begin PBXBuildFile section */
		27AAE7431F69C6D8008A64BA /* AppDelegate.swift in Sources */ = {isa = PBXBuildFile; fileRef = 27AAE7421F69C6D8008A64BA /* AppDelegate.swift */; };
		27AAE7451F69C6D8008A64BA /* ViewController.swift in Sources */ = {isa = PBXBuildFile; fileRef = 27AAE7441F69C6D8008A64BA /* ViewController.swift */; };
		27AAE7481F69C6D8008A64BA /* Main.storyboard in Resources */ = {isa = PBXBuildFile; fileRef = 27AAE7461F69C6D8008A64BA /* Main.storyboard */; };
		27AAE74A1F69C6D8008A64BA /* Assets.xcassets in Resources */ = {isa = PBXBuildFile; fileRef = 27AAE7491F69C6D8008A64BA /* Assets.xcassets */; };
		27AAE74D1F69C6D9008A64BA /* LaunchScreen.storyboard in Resources */ = {isa = PBXBuildFile; fileRef = 27AAE74B1F69C6D9008A64BA /* LaunchScreen.storyboard */; };
/* End PBXBuildFile section */

/* Begin PBXFileReference section */
		27AAE73F1F69C6D8008A64BA /* HelloUISwitch.app */ = {isa = PBXFileReference; explicitFileType = wrapper.application; includeInIndex = 0; path = HelloUISwitch.app; sourceTree = BUILT_PRODUCTS_DIR; };
		27AAE7421F69C6D8008A64BA /* AppDelegate.swift */ = {isa = PBXFileReference; lastKnownFileType = sourcecode.swift; path = AppDelegate.swift; sourceTree = "<group>"; };
		27AAE7441F69C6D8008A64BA /* ViewController.swift */ = {isa = PBXFileReference; lastKnownFileType = sourcecode.swift; path = ViewController.swift; sourceTree = "<group>"; };
		27AAE7471F69C6D8008A64BA /* Base */ = {isa = PBXFileReference; lastKnownFileType = file.storyboard; name = Base; path = Base.lproj/Main.storyboard; sourceTree = "<group>"; };
		27AAE7491F69C6D8008A64BA /* Assets.xcassets */ = {isa = PBXFileReference; lastKnownFileType = folder.assetcatalog; path = Assets.xcassets; sourceTree = "<group>"; };
		27AAE74C1F69C6D9008A64BA /* Base */ = {isa = PBXFileReference; lastKnownFileType = file.storyboard; name = Base; path = Base.lproj/LaunchScreen.storyboard; sourceTree = "<group>"; };
		27AAE74E1F69C6D9008A64BA /* Info.plist */ = {isa = PBXFileReference; lastKnownFileType = text.plist.xml; path = Info.plist; sourceTree = "<group>"; };
/* End PBXFileReference section */

/* Begin PBXFrameworksBuildPhase section */
		27AAE73C1F69C6D8008A64BA /* Frameworks */ = {
			isa = PBXFrameworksBuildPhase;
			buildActionMask = 2147483647;
			files = (
			);
			runOnlyForDeploymentPostprocessing = 0;
		};
/* End PBXFrameworksBuildPhase section */

/* Begin PBXGroup section */
		27AAE7361F69C6D8008A64BA = {
			isa = PBXGroup;
			children = (
				27AAE7411F69C6D8008A64BA /* HelloUISwitch */,
				27AAE7401F69C6D8008A64BA /* Products */,
			);
			sourceTree = "<group>";
		};
		27AAE7401F69C6D8008A64BA /* Products */ = {
			isa = PBXGroup;
			children = (
				27AAE73F1F69C6D8008A64BA /* HelloUISwitch.app */,
			);
			name = Products;
			sourceTree = "<group>";
		};
		27AAE7411F69C6D8008A64BA /* HelloUISwitch */ = {
			isa = PBXGroup;
			children = (
				27AAE7421F69C6D8008A64BA /* AppDelegate.swift */,
				27AAE7441F69C6D8008A64BA /* ViewController.swift */,
				27AAE7461F69C6D8008A64BA /* Main.storyboard */,
				27AAE7491F69C6D8008A64BA /* Assets.xcassets */,
				27AAE74B1F69C6D9008A64BA /* LaunchScreen.storyboard */,
				27AAE74E1F69C6D9008A64BA /* Info.plist */,
			);
			path = HelloUISwitch;
			sourceTree = "<group>";
		};
/* End PBXGroup section */

/* Begin PBXNativeTarget section */
		27AAE73E1F69C6D8008A64BA /* HelloUISwitch */ = {
			isa = PBXNativeTarget;
			buildConfigurationList = 27AAE7511F69C6D9008A64BA /* Build configuration list for PBXNativeTarget "HelloUISwitch" */;
			buildPhases = (
				27AAE73B1F69C6D8008A64BA /* Sources */,
				27AAE73C1F69C6D8008A64BA /* Frameworks */,
				27AAE73D1F69C6D8008A64BA /* Resources */,
			);
			buildRules = (
			);
			dependencies = (
			);
			name = HelloUISwitch;
			productName = HelloUISwitch;
			productReference = 27AAE73F1F69C6D8008A64BA /* HelloUISwitch.app */;
			productType = "com.apple.product-type.application";
		};
/* End PBXNativeTarget section */

/* Begin PBXProject section */
		27AAE7371F69C6D8008A64BA /* Project object */ = {
			isa = PBXProject;
			attributes = {
				LastSwiftUpdateCheck = 0900;
				LastUpgradeCheck = 0900;
				ORGANIZATIONNAME = mike;
				TargetAttributes = {
					27AAE73E1F69C6D8008A64BA = {
						CreatedOnToolsVersion = 9.0;
						ProvisioningStyle = Automatic;
					};
				};
			};
			buildConfigurationList = 27AAE73A1F69C6D8008A64BA /* Build configuration list for PBXProject "HelloUISwitch" */;
			compatibilityVersion = "Xcode 8.0";
			developmentRegion = en;
			hasScannedForEncodings = 0;
			knownRegions = (
				en,
				Base,
			);
			mainGroup = 27AAE7361F69C6D8008A64BA;
			productRefGroup = 27AAE7401F69C6D8008A64BA /* Products */;
			projectDirPath = "";
			projectRoot = "";
			targets = (
				27AAE73E1F69C6D8008A64BA /* HelloUISwitch */,
			);
		};
/* End PBXProject section */

/* Begin PBXResourcesBuildPhase section */
		27AAE73D1F69C6D8008A64BA /* Resources */ = {
			isa = PBXResourcesBuildPhase;
			buildActionMask = 2147483647;
			files = (
				27AAE74D1F69C6D9008A64BA /* LaunchScreen.storyboard in Resources */,
				27AAE74A1F69C6D8008A64BA /* Assets.xcassets in Resources */,
				27AAE7481F69C6D8008A64BA /* Main.storyboard in Resources */,
			);
			runOnlyForDeploymentPostprocessing = 0;
		};
/* End PBXResourcesBuildPhase section */

/* Begin PBXSourcesBuildPhase section */
		27AAE73B1F69C6D8008A64BA /* Sources */ = {
			isa = PBXSourcesBuildPhase;
			buildActionMask = 2147483647;
			files = (
				27AAE7451F69C6D8008A64BA /* ViewController.swift in Sources */,
				27AAE7431F69C6D8008A64BA /* AppDelegate.swift in Sources */,
			);
			runOnlyForDeploymentPostprocessing = 0;
		};
/* End PBXSourcesBuildPhase section */

/* Begin PBXVariantGroup section */
		27AAE7461F69C6D8008A64BA /* Main.storyboard */ = {
			isa = PBXVariantGroup;
			children = (
				27AAE7471F69C6D8008A64BA /* Base */,
			);
			name = Main.storyboard;
			sourceTree = "<group>";
		};
		27AAE74B1F69C6D9008A64BA /* LaunchScreen.storyboard */ = {
			isa = PBXVariantGroup;
			children = (
				27AAE74C1F69C6D9008A64BA /* Base */,
			);
			name = LaunchScreen.storyboard;
			sourceTree = "<group>";
		};
/* End PBXVariantGroup section */

/* Begin XCBuildConfiguration section */
		27AAE74F1F69C6D9008A64BA /* Debug */ = {
			isa = XCBuildConfiguration;
			buildSettings = {
				ALWAYS_SEARCH_USER_PATHS = NO;
				CLANG_ANALYZER_NONNULL = YES;
				CLANG_ANALYZER_NUMBER_OBJECT_CONVERSION = YES_AGGRESSIVE;
				CLANG_CXX_LANGUAGE_STANDARD = "gnu++14";
				CLANG_CXX_LIBRARY = "libc++";
				CLANG_ENABLE_MODULES = YES;
				CLANG_ENABLE_OBJC_ARC = YES;
				CLANG_WARN_BLOCK_CAPTURE_AUTORELEASING = YES;
				CLANG_WARN_BOOL_CONVERSION = YES;
				CLANG_WARN_COMMA = YES;
				CLANG_WARN_CONSTANT_CONVERSION = YES;
				CLANG_WARN_DIRECT_OBJC_ISA_USAGE = YES_ERROR;
				CLANG_WARN_DOCUMENTATION_COMMENTS = YES;
				CLANG_WARN_EMPTY_BODY = YES;
				CLANG_WARN_ENUM_CONVERSION = YES;
				CLANG_WARN_INFINITE_RECURSION = YES;
				CLANG_WARN_INT_CONVERSION = YES;
				CLANG_WARN_NON_LITERAL_NULL_CONVERSION = YES;
				CLANG_WARN_OBJC_LITERAL_CONVERSION = YES;
				CLANG_WARN_OBJC_ROOT_CLASS = YES_ERROR;
				CLANG_WARN_RANGE_LOOP_ANALYSIS = YES;
				CLANG_WARN_STRICT_PROTOTYPES = YES;
				CLANG_WARN_SUSPICIOUS_MOVE = YES;
				CLANG_WARN_UNGUARDED_AVAILABILITY = YES_AGGRESSIVE;
				CLANG_WARN_UNREACHABLE_CODE = YES;
				CLANG_WARN__DUPLICATE_METHOD_MATCH = YES;
				CODE_SIGN_IDENTITY = "iPhone Developer";
				COPY_PHASE_STRIP = NO;
				DEBUG_INFORMATION_FORMAT = dwarf;
				ENABLE_STRICT_OBJC_MSGSEND = YES;
				ENABLE_TESTABILITY = YES;
				GCC_C_LANGUAGE_STANDARD = gnu11;
				GCC_DYNAMIC_NO_PIC = NO;
				GCC_NO_COMMON_BLOCKS = YES;
				GCC_OPTIMIZATION_LEVEL = 0;
				GCC_PREPROCESSOR_DEFINITIONS = (
					"DEBUG=1",
					"$(inherited)",
				);
				GCC_WARN_64_TO_32_BIT_CONVERSION = YES;
				GCC_WARN_ABOUT_RETURN_TYPE = YES_ERROR;
				GCC_WARN_UNDECLARED_SELECTOR = YES;
				GCC_WARN_UNINITIALIZED_AUTOS = YES_AGGRESSIVE;
				GCC_WARN_UNUSED_FUNCTION = YES;
				GCC_WARN_UNUSED_VARIABLE = YES;
				IPHONEOS_DEPLOYMENT_TARGET = 11.0;
				MTL_ENABLE_DEBUG_INFO = YES;
				ONLY_ACTIVE_ARCH = YES;
				SDKROOT = iphoneos;
				SWIFT_ACTIVE_COMPILATION_CONDITIONS = DEBUG;
				SWIFT_OPTIMIZATION_LEVEL = "-Onone";
			};
			name = Debug;
		};
		27AAE7501F69C6D9008A64BA /* Release */ = {
			isa = XCBuildConfiguration;
			buildSettings = {
				ALWAYS_SEARCH_USER_PATHS = NO;
				CLANG_ANALYZER_NONNULL = YES;
				CLANG_ANALYZER_NUMBER_OBJECT_CONVERSION = YES_AGGRESSIVE;
				CLANG_CXX_LANGUAGE_STANDARD = "gnu++14";
				CLANG_CXX_LIBRARY = "libc++";
				CLANG_ENABLE_MODULES = YES;
				CLANG_ENABLE_OBJC_ARC = YES;
				CLANG_WARN_BLOCK_CAPTURE_AUTORELEASING = YES;
				CLANG_WARN_BOOL_CONVERSION = YES;
				CLANG_WARN_COMMA = YES;
				CLANG_WARN_CONSTANT_CONVERSION = YES;
				CLANG_WARN_DIRECT_OBJC_ISA_USAGE = YES_ERROR;
				CLANG_WARN_DOCUMENTATION_COMMENTS = YES;
				CLANG_WARN_EMPTY_BODY = YES;
				CLANG_WARN_ENUM_CONVERSION = YES;
				CLANG_WARN_INFINITE_RECURSION = YES;
				CLANG_WARN_INT_CONVERSION = YES;
				CLANG_WARN_NON_LITERAL_NULL_CONVERSION = YES;
				CLANG_WARN_OBJC_LITERAL_CONVERSION = YES;
				CLANG_WARN_OBJC_ROOT_CLASS = YES_ERROR;
				CLANG_WARN_RANGE_LOOP_ANALYSIS = YES;
				CLANG_WARN_STRICT_PROTOTYPES = YES;
				CLANG_WARN_SUSPICIOUS_MOVE = YES;
				CLANG_WARN_UNGUARDED_AVAILABILITY = YES_AGGRESSIVE;
				CLANG_WARN_UNREACHABLE_CODE = YES;
				CLANG_WARN__DUPLICATE_METHOD_MATCH = YES;
				CODE_SIGN_IDENTITY = "iPhone Developer";
				COPY_PHASE_STRIP = NO;
				DEBUG_INFORMATION_FORMAT = "dwarf-with-dsym";
				ENABLE_NS_ASSERTIONS = NO;
				ENABLE_STRICT_OBJC_MSGSEND = YES;
				GCC_C_LANGUAGE_STANDARD = gnu11;
				GCC_NO_COMMON_BLOCKS = YES;
				GCC_WARN_64_TO_32_BIT_CONVERSION = YES;
				GCC_WARN_ABOUT_RETURN_TYPE = YES_ERROR;
				GCC_WARN_UNDECLARED_SELECTOR = YES;
				GCC_WARN_UNINITIALIZED_AUTOS = YES_AGGRESSIVE;
				GCC_WARN_UNUSED_FUNCTION = YES;
				GCC_WARN_UNUSED_VARIABLE = YES;
				IPHONEOS_DEPLOYMENT_TARGET = 11.0;
				MTL_ENABLE_DEBUG_INFO = NO;
				SDKROOT = iphoneos;
				SWIFT_OPTIMIZATION_LEVEL = "-Owholemodule";
				VALIDATE_PRODUCT = YES;
			};
			name = Release;
		};
		27AAE7521F69C6D9008A64BA /* Debug */ = {
			isa = XCBuildConfiguration;
			buildSettings = {
				ASSETCATALOG_COMPILER_APPICON_NAME = AppIcon;
				CODE_SIGN_STYLE = Automatic;
				INFOPLIST_FILE = HelloUISwitch/Info.plist;
				LD_RUNPATH_SEARCH_PATHS = "$(inherited) @executable_path/Frameworks";
				PRODUCT_BUNDLE_IDENTIFIER = com.mike.HelloUISwitch;
				PRODUCT_NAME = "$(TARGET_NAME)";
				SWIFT_VERSION = 4.0;
				TARGETED_DEVICE_FAMILY = "1,2";
			};
			name = Debug;
		};
		27AAE7531F69C6D9008A64BA /* Release */ = {
			isa = XCBuildConfiguration;
			buildSettings = {
				ASSETCATALOG_COMPILER_APPICON_NAME = AppIcon;
				CODE_SIGN_STYLE = Automatic;
				INFOPLIST_FILE = HelloUISwitch/Info.plist;
				LD_RUNPATH_SEARCH_PATHS = "$(inherited) @executable_path/Frameworks";
				PRODUCT_BUNDLE_IDENTIFIER = com.mike.HelloUISwitch;
				PRODUCT_NAME = "$(TARGET_NAME)";
				SWIFT_VERSION = 4.0;
				TARGETED_DEVICE_FAMILY = "1,2";
			};
			name = Release;
		};
/* End XCBuildConfiguration section */

/* Begin XCConfigurationList section */
		27AAE73A1F69C6D8008A64BA /* Build configuration list for PBXProject "HelloUISwitch" */ = {
			isa = XCConfigurationList;
			buildConfigurations = (
				27AAE74F1F69C6D9008A64BA /* Debug */,
				27AAE7501F69C6D9008A64BA /* Release */,
			);
			defaultConfigurationIsVisible = 0;
			defaultConfigurationName = Release;
		};
		27AAE7511F69C6D9008A64BA /* Build configuration list for PBXNativeTarget "HelloUISwitch" */ = {
			isa = XCConfigurationList;
			buildConfigurations = (
				27AAE7521F69C6D9008A64BA /* Debug */,
				27AAE7531F69C6D9008A64BA /* Release */,
			);
			defaultConfigurationIsVisible = 0;
			defaultConfigurationName = Release;
		};
/* End XCConfigurationList section */
	};
	rootObject = 27AAE7371F69C6D8008A64BA /* Project object */;
}
