// !$*UTF8*$!
{
	archiveVersion = 1;
	classes = {
	};
	objectVersion = 48;
	objects = {

/* Begin PBXBuildFile section */
		2719B4A21F6E45B10048E455 /* AppDelegate.swift in Sources */ = {isa = PBXBuildFile; fileRef = 2719B4A11F6E45B10048E455 /* AppDelegate.swift */; };
		2719B4A41F6E45B10048E455 /* ViewController.swift in Sources */ = {isa = PBXBuildFile; fileRef = 2719B4A31F6E45B10048E455 /* ViewController.swift */; };
		2719B4A71F6E45B10048E455 /* Main.storyboard in Resources */ = {isa = PBXBuildFile; fileRef = 2719B4A51F6E45B10048E455 /* Main.storyboard */; };
		2719B4A91F6E45B10048E455 /* Assets.xcassets in Resources */ = {isa = PBXBuildFile; fileRef = 2719B4A81F6E45B10048E455 /* Assets.xcassets */; };
		2719B4AC1F6E45B10048E455 /* LaunchScreen.storyboard in Resources */ = {isa = PBXBuildFile; fileRef = 2719B4AA1F6E45B10048E455 /* LaunchScreen.storyboard */; };
		2719B4B61F6E45E70048E455 /* OBJCCalculator.m in Sources */ = {isa = PBXBuildFile; fileRef = 2719B4B51F6E45E70048E455 /* OBJCCalculator.m */; };
/* End PBXBuildFile section */

/* Begin PBXFileReference section */
		2719B49E1F6E45B10048E455 /* HelloObjectC.app */ = {isa = PBXFileReference; explicitFileType = wrapper.application; includeInIndex = 0; path = HelloObjectC.app; sourceTree = BUILT_PRODUCTS_DIR; };
		2719B4A11F6E45B10048E455 /* AppDelegate.swift */ = {isa = PBXFileReference; lastKnownFileType = sourcecode.swift; path = AppDelegate.swift; sourceTree = "<group>"; };
		2719B4A31F6E45B10048E455 /* ViewController.swift */ = {isa = PBXFileReference; lastKnownFileType = sourcecode.swift; path = ViewController.swift; sourceTree = "<group>"; };
		2719B4A61F6E45B10048E455 /* Base */ = {isa = PBXFileReference; lastKnownFileType = file.storyboard; name = Base; path = Base.lproj/Main.storyboard; sourceTree = "<group>"; };
		2719B4A81F6E45B10048E455 /* Assets.xcassets */ = {isa = PBXFileReference; lastKnownFileType = folder.assetcatalog; path = Assets.xcassets; sourceTree = "<group>"; };
		2719B4AB1F6E45B10048E455 /* Base */ = {isa = PBXFileReference; lastKnownFileType = file.storyboard; name = Base; path = Base.lproj/LaunchScreen.storyboard; sourceTree = "<group>"; };
		2719B4AD1F6E45B10048E455 /* Info.plist */ = {isa = PBXFileReference; lastKnownFileType = text.plist.xml; path = Info.plist; sourceTree = "<group>"; };
		2719B4B31F6E45E60048E455 /* HelloObjectC-Bridging-Header.h */ = {isa = PBXFileReference; lastKnownFileType = sourcecode.c.h; path = "HelloObjectC-Bridging-Header.h"; sourceTree = "<group>"; };
		2719B4B41F6E45E70048E455 /* OBJCCalculator.h */ = {isa = PBXFileReference; lastKnownFileType = sourcecode.c.h; path = OBJCCalculator.h; sourceTree = "<group>"; };
		2719B4B51F6E45E70048E455 /* OBJCCalculator.m */ = {isa = PBXFileReference; lastKnownFileType = sourcecode.c.objc; path = OBJCCalculator.m; sourceTree = "<group>"; };
/* End PBXFileReference section */

/* Begin PBXFrameworksBuildPhase section */
		2719B49B1F6E45B10048E455 /* Frameworks */ = {
			isa = PBXFrameworksBuildPhase;
			buildActionMask = 2147483647;
			files = (
			);
			runOnlyForDeploymentPostprocessing = 0;
		};
/* End PBXFrameworksBuildPhase section */

/* Begin PBXGroup section */
		2719B4951F6E45B10048E455 = {
			isa = PBXGroup;
			children = (
				2719B4A01F6E45B10048E455 /* HelloObjectC */,
				2719B49F1F6E45B10048E455 /* Products */,
			);
			sourceTree = "<group>";
		};
		2719B49F1F6E45B10048E455 /* Products */ = {
			isa = PBXGroup;
			children = (
				2719B49E1F6E45B10048E455 /* HelloObjectC.app */,
			);
			name = Products;
			sourceTree = "<group>";
		};
		2719B4A01F6E45B10048E455 /* HelloObjectC */ = {
			isa = PBXGroup;
			children = (
				2719B4A11F6E45B10048E455 /* AppDelegate.swift */,
				2719B4A31F6E45B10048E455 /* ViewController.swift */,
				2719B4B41F6E45E70048E455 /* OBJCCalculator.h */,
				2719B4B51F6E45E70048E455 /* OBJCCalculator.m */,
				2719B4A51F6E45B10048E455 /* Main.storyboard */,
				2719B4A81F6E45B10048E455 /* Assets.xcassets */,
				2719B4AA1F6E45B10048E455 /* LaunchScreen.storyboard */,
				2719B4AD1F6E45B10048E455 /* Info.plist */,
				2719B4B31F6E45E60048E455 /* HelloObjectC-Bridging-Header.h */,
			);
			path = HelloObjectC;
			sourceTree = "<group>";
		};
/* End PBXGroup section */

/* Begin PBXNativeTarget section */
		2719B49D1F6E45B10048E455 /* HelloObjectC */ = {
			isa = PBXNativeTarget;
			buildConfigurationList = 2719B4B01F6E45B10048E455 /* Build configuration list for PBXNativeTarget "HelloObjectC" */;
			buildPhases = (
				2719B49A1F6E45B10048E455 /* Sources */,
				2719B49B1F6E45B10048E455 /* Frameworks */,
				2719B49C1F6E45B10048E455 /* Resources */,
			);
			buildRules = (
			);
			dependencies = (
			);
			name = HelloObjectC;
			productName = HelloObjectC;
			productReference = 2719B49E1F6E45B10048E455 /* HelloObjectC.app */;
			productType = "com.apple.product-type.application";
		};
/* End PBXNativeTarget section */

/* Begin PBXProject section */
		2719B4961F6E45B10048E455 /* Project object */ = {
			isa = PBXProject;
			attributes = {
				LastSwiftUpdateCheck = 0900;
				LastUpgradeCheck = 0900;
				ORGANIZATIONNAME = mike;
				TargetAttributes = {
					2719B49D1F6E45B10048E455 = {
						CreatedOnToolsVersion = 9.0;
						LastSwiftMigration = 0900;
						ProvisioningStyle = Automatic;
					};
				};
			};
			buildConfigurationList = 2719B4991F6E45B10048E455 /* Build configuration list for PBXProject "HelloObjectC" */;
			compatibilityVersion = "Xcode 8.0";
			developmentRegion = en;
			hasScannedForEncodings = 0;
			knownRegions = (
				en,
				Base,
			);
			mainGroup = 2719B4951F6E45B10048E455;
			productRefGroup = 2719B49F1F6E45B10048E455 /* Products */;
			projectDirPath = "";
			projectRoot = "";
			targets = (
				2719B49D1F6E45B10048E455 /* HelloObjectC */,
			);
		};
/* End PBXProject section */

/* Begin PBXResourcesBuildPhase section */
		2719B49C1F6E45B10048E455 /* Resources */ = {
			isa = PBXResourcesBuildPhase;
			buildActionMask = 2147483647;
			files = (
				2719B4AC1F6E45B10048E455 /* LaunchScreen.storyboard in Resources */,
				2719B4A91F6E45B10048E455 /* Assets.xcassets in Resources */,
				2719B4A71F6E45B10048E455 /* Main.storyboard in Resources */,
			);
			runOnlyForDeploymentPostprocessing = 0;
		};
/* End PBXResourcesBuildPhase section */

/* Begin PBXSourcesBuildPhase section */
		2719B49A1F6E45B10048E455 /* Sources */ = {
			isa = PBXSourcesBuildPhase;
			buildActionMask = 2147483647;
			files = (
				2719B4A41F6E45B10048E455 /* ViewController.swift in Sources */,
				2719B4B61F6E45E70048E455 /* OBJCCalculator.m in Sources */,
				2719B4A21F6E45B10048E455 /* AppDelegate.swift in Sources */,
			);
			runOnlyForDeploymentPostprocessing = 0;
		};
/* End PBXSourcesBuildPhase section */

/* Begin PBXVariantGroup section */
		2719B4A51F6E45B10048E455 /* Main.storyboard */ = {
			isa = PBXVariantGroup;
			children = (
				2719B4A61F6E45B10048E455 /* Base */,
			);
			name = Main.storyboard;
			sourceTree = "<group>";
		};
		2719B4AA1F6E45B10048E455 /* LaunchScreen.storyboard */ = {
			isa = PBXVariantGroup;
			children = (
				2719B4AB1F6E45B10048E455 /* Base */,
			);
			name = LaunchScreen.storyboard;
			sourceTree = "<group>";
		};
/* End PBXVariantGroup section */

/* Begin XCBuildConfiguration section */
		2719B4AE1F6E45B10048E455 /* Debug */ = {
			isa = XCBuildConfiguration;
			buildSettings = {
				ALWAYS_SEARCH_USER_PATHS = NO;
				CLANG_ANALYZER_NONNULL = YES;
				CLANG_ANALYZER_NUMBER_OBJECT_CONVERSION = YES_AGGRESSIVE;
				CLANG_CXX_LANGUAGE_STANDARD = "gnu++14";
				CLANG_CXX_LIBRARY = "libc++";
				CLANG_ENABLE_MODULES = YES;
				CLANG_ENABLE_OBJC_ARC = YES;
				CLANG_WARN_BLOCK_CAPTURE_AUTORELEASING = YES;
				CLANG_WARN_BOOL_CONVERSION = YES;
				CLANG_WARN_COMMA = YES;
				CLANG_WARN_CONSTANT_CONVERSION = YES;
				CLANG_WARN_DIRECT_OBJC_ISA_USAGE = YES_ERROR;
				CLANG_WARN_DOCUMENTATION_COMMENTS = YES;
				CLANG_WARN_EMPTY_BODY = YES;
				CLANG_WARN_ENUM_CONVERSION = YES;
				CLANG_WARN_INFINITE_RECURSION = YES;
				CLANG_WARN_INT_CONVERSION = YES;
				CLANG_WARN_NON_LITERAL_NULL_CONVERSION = YES;
				CLANG_WARN_OBJC_LITERAL_CONVERSION = YES;
				CLANG_WARN_OBJC_ROOT_CLASS = YES_ERROR;
				CLANG_WARN_RANGE_LOOP_ANALYSIS = YES;
				CLANG_WARN_STRICT_PROTOTYPES = YES;
				CLANG_WARN_SUSPICIOUS_MOVE = YES;
				CLANG_WARN_UNGUARDED_AVAILABILITY = YES_AGGRESSIVE;
				CLANG_WARN_UNREACHABLE_CODE = YES;
				CLANG_WARN__DUPLICATE_METHOD_MATCH = YES;
				CODE_SIGN_IDENTITY = "iPhone Developer";
				COPY_PHASE_STRIP = NO;
				DEBUG_INFORMATION_FORMAT = dwarf;
				ENABLE_STRICT_OBJC_MSGSEND = YES;
				ENABLE_TESTABILITY = YES;
				GCC_C_LANGUAGE_STANDARD = gnu11;
				GCC_DYNAMIC_NO_PIC = NO;
				GCC_NO_COMMON_BLOCKS = YES;
				GCC_OPTIMIZATION_LEVEL = 0;
				GCC_PREPROCESSOR_DEFINITIONS = (
					"DEBUG=1",
					"$(inherited)",
				);
				GCC_WARN_64_TO_32_BIT_CONVERSION = YES;
				GCC_WARN_ABOUT_RETURN_TYPE = YES_ERROR;
				GCC_WARN_UNDECLARED_SELECTOR = YES;
				GCC_WARN_UNINITIALIZED_AUTOS = YES_AGGRESSIVE;
				GCC_WARN_UNUSED_FUNCTION = YES;
				GCC_WARN_UNUSED_VARIABLE = YES;
				IPHONEOS_DEPLOYMENT_TARGET = 11.0;
				MTL_ENABLE_DEBUG_INFO = YES;
				ONLY_ACTIVE_ARCH = YES;
				SDKROOT = iphoneos;
				SWIFT_ACTIVE_COMPILATION_CONDITIONS = DEBUG;
				SWIFT_OPTIMIZATION_LEVEL = "-Onone";
			};
			name = Debug;
		};
		2719B4AF1F6E45B10048E455 /* Release */ = {
			isa = XCBuildConfiguration;
			buildSettings = {
				ALWAYS_SEARCH_USER_PATHS = NO;
				CLANG_ANALYZER_NONNULL = YES;
				CLANG_ANALYZER_NUMBER_OBJECT_CONVERSION = YES_AGGRESSIVE;
				CLANG_CXX_LANGUAGE_STANDARD = "gnu++14";
				CLANG_CXX_LIBRARY = "libc++";
				CLANG_ENABLE_MODULES = YES;
				CLANG_ENABLE_OBJC_ARC = YES;
				CLANG_WARN_BLOCK_CAPTURE_AUTORELEASING = YES;
				CLANG_WARN_BOOL_CONVERSION = YES;
				CLANG_WARN_COMMA = YES;
				CLANG_WARN_CONSTANT_CONVERSION = YES;
				CLANG_WARN_DIRECT_OBJC_ISA_USAGE = YES_ERROR;
				CLANG_WARN_DOCUMENTATION_COMMENTS = YES;
				CLANG_WARN_EMPTY_BODY = YES;
				CLANG_WARN_ENUM_CONVERSION = YES;
				CLANG_WARN_INFINITE_RECURSION = YES;
				CLANG_WARN_INT_CONVERSION = YES;
				CLANG_WARN_NON_LITERAL_NULL_CONVERSION = YES;
				CLANG_WARN_OBJC_LITERAL_CONVERSION = YES;
				CLANG_WARN_OBJC_ROOT_CLASS = YES_ERROR;
				CLANG_WARN_RANGE_LOOP_ANALYSIS = YES;
				CLANG_WARN_STRICT_PROTOTYPES = YES;
				CLANG_WARN_SUSPICIOUS_MOVE = YES;
				CLANG_WARN_UNGUARDED_AVAILABILITY = YES_AGGRESSIVE;
				CLANG_WARN_UNREACHABLE_CODE = YES;
				CLANG_WARN__DUPLICATE_METHOD_MATCH = YES;
				CODE_SIGN_IDENTITY = "iPhone Developer";
				COPY_PHASE_STRIP = NO;
				DEBUG_INFORMATION_FORMAT = "dwarf-with-dsym";
				ENABLE_NS_ASSERTIONS = NO;
				ENABLE_STRICT_OBJC_MSGSEND = YES;
				GCC_C_LANGUAGE_STANDARD = gnu11;
				GCC_NO_COMMON_BLOCKS = YES;
				GCC_WARN_64_TO_32_BIT_CONVERSION = YES;
				GCC_WARN_ABOUT_RETURN_TYPE = YES_ERROR;
				GCC_WARN_UNDECLARED_SELECTOR = YES;
				GCC_WARN_UNINITIALIZED_AUTOS = YES_AGGRESSIVE;
				GCC_WARN_UNUSED_FUNCTION = YES;
				GCC_WARN_UNUSED_VARIABLE = YES;
				IPHONEOS_DEPLOYMENT_TARGET = 11.0;
				MTL_ENABLE_DEBUG_INFO = NO;
				SDKROOT = iphoneos;
				SWIFT_OPTIMIZATION_LEVEL = "-Owholemodule";
				VALIDATE_PRODUCT = YES;
			};
			name = Release;
		};
		2719B4B11F6E45B10048E455 /* Debug */ = {
			isa = XCBuildConfiguration;
			buildSettings = {
				ASSETCATALOG_COMPILER_APPICON_NAME = AppIcon;
				CLANG_ENABLE_MODULES = YES;
				CODE_SIGN_STYLE = Automatic;
				INFOPLIST_FILE = HelloObjectC/Info.plist;
				LD_RUNPATH_SEARCH_PATHS = "$(inherited) @executable_path/Frameworks";
				PRODUCT_BUNDLE_IDENTIFIER = com.mike.HelloObjectC;
				PRODUCT_NAME = "$(TARGET_NAME)";
				SWIFT_OBJC_BRIDGING_HEADER = "HelloObjectC/HelloObjectC-Bridging-Header.h";
				SWIFT_OPTIMIZATION_LEVEL = "-Onone";
				SWIFT_VERSION = 4.0;
				TARGETED_DEVICE_FAMILY = "1,2";
			};
			name = Debug;
		};
		2719B4B21F6E45B10048E455 /* Release */ = {
			isa = XCBuildConfiguration;
			buildSettings = {
				ASSETCATALOG_COMPILER_APPICON_NAME = AppIcon;
				CLANG_ENABLE_MODULES = YES;
				CODE_SIGN_STYLE = Automatic;
				INFOPLIST_FILE = HelloObjectC/Info.plist;
				LD_RUNPATH_SEARCH_PATHS = "$(inherited) @executable_path/Frameworks";
				PRODUCT_BUNDLE_IDENTIFIER = com.mike.HelloObjectC;
				PRODUCT_NAME = "$(TARGET_NAME)";
				SWIFT_OBJC_BRIDGING_HEADER = "HelloObjectC/HelloObjectC-Bridging-Header.h";
				SWIFT_VERSION = 4.0;
				TARGETED_DEVICE_FAMILY = "1,2";
			};
			name = Release;
		};
/* End XCBuildConfiguration section */

/* Begin XCConfigurationList section */
		2719B4991F6E45B10048E455 /* Build configuration list for PBXProject "HelloObjectC" */ = {
			isa = XCConfigurationList;
			buildConfigurations = (
				2719B4AE1F6E45B10048E455 /* Debug */,
				2719B4AF1F6E45B10048E455 /* Release */,
			);
			defaultConfigurationIsVisible = 0;
			defaultConfigurationName = Release;
		};
		2719B4B01F6E45B10048E455 /* Build configuration list for PBXNativeTarget "HelloObjectC" */ = {
			isa = XCConfigurationList;
			buildConfigurations = (
				2719B4B11F6E45B10048E455 /* Debug */,
				2719B4B21F6E45B10048E455 /* Release */,
			);
			defaultConfigurationIsVisible = 0;
			defaultConfigurationName = Release;
		};
/* End XCConfigurationList section */
	};
	rootObject = 2719B4961F6E45B10048E455 /* Project object */;
}
