// !$*UTF8*$!
{
	archiveVersion = 1;
	classes = {
	};
	objectVersion = 48;
	objects = {

/* Begin PBXBuildFile section */
		27ABAF161F6DCD4D005EFBC8 /* AppDelegate.swift in Sources */ = {isa = PBXBuildFile; fileRef = 27ABAF151F6DCD4D005EFBC8 /* AppDelegate.swift */; };
		27ABAF181F6DCD4D005EFBC8 /* ViewController.swift in Sources */ = {isa = PBXBuildFile; fileRef = 27ABAF171F6DCD4D005EFBC8 /* ViewController.swift */; };
		27ABAF1B1F6DCD4D005EFBC8 /* Main.storyboard in Resources */ = {isa = PBXBuildFile; fileRef = 27ABAF191F6DCD4D005EFBC8 /* Main.storyboard */; };
		27ABAF1D1F6DCD4D005EFBC8 /* Assets.xcassets in Resources */ = {isa = PBXBuildFile; fileRef = 27ABAF1C1F6DCD4D005EFBC8 /* Assets.xcassets */; };
		27ABAF201F6DCD4D005EFBC8 /* LaunchScreen.storyboard in Resources */ = {isa = PBXBuildFile; fileRef = 27ABAF1E1F6DCD4D005EFBC8 /* LaunchScreen.storyboard */; };
/* End PBXBuildFile section */

/* Begin PBXFileReference section */
		27ABAF121F6DCD4D005EFBC8 /* HelloCLLocationManager.app */ = {isa = PBXFileReference; explicitFileType = wrapper.application; includeInIndex = 0; path = HelloCLLocationManager.app; sourceTree = BUILT_PRODUCTS_DIR; };
		27ABAF151F6DCD4D005EFBC8 /* AppDelegate.swift */ = {isa = PBXFileReference; lastKnownFileType = sourcecode.swift; path = AppDelegate.swift; sourceTree = "<group>"; };
		27ABAF171F6DCD4D005EFBC8 /* ViewController.swift */ = {isa = PBXFileReference; lastKnownFileType = sourcecode.swift; path = ViewController.swift; sourceTree = "<group>"; };
		27ABAF1A1F6DCD4D005EFBC8 /* Base */ = {isa = PBXFileReference; lastKnownFileType = file.storyboard; name = Base; path = Base.lproj/Main.storyboard; sourceTree = "<group>"; };
		27ABAF1C1F6DCD4D005EFBC8 /* Assets.xcassets */ = {isa = PBXFileReference; lastKnownFileType = folder.assetcatalog; path = Assets.xcassets; sourceTree = "<group>"; };
		27ABAF1F1F6DCD4D005EFBC8 /* Base */ = {isa = PBXFileReference; lastKnownFileType = file.storyboard; name = Base; path = Base.lproj/LaunchScreen.storyboard; sourceTree = "<group>"; };
		27ABAF211F6DCD4D005EFBC8 /* Info.plist */ = {isa = PBXFileReference; lastKnownFileType = text.plist.xml; path = Info.plist; sourceTree = "<group>"; };
/* End PBXFileReference section */

/* Begin PBXFrameworksBuildPhase section */
		27ABAF0F1F6DCD4D005EFBC8 /* Frameworks */ = {
			isa = PBXFrameworksBuildPhase;
			buildActionMask = 2147483647;
			files = (
			);
			runOnlyForDeploymentPostprocessing = 0;
		};
/* End PBXFrameworksBuildPhase section */

/* Begin PBXGroup section */
		27ABAF091F6DCD4D005EFBC8 = {
			isa = PBXGroup;
			children = (
				27ABAF141F6DCD4D005EFBC8 /* HelloCLLocationManager */,
				27ABAF131F6DCD4D005EFBC8 /* Products */,
			);
			sourceTree = "<group>";
		};
		27ABAF131F6DCD4D005EFBC8 /* Products */ = {
			isa = PBXGroup;
			children = (
				27ABAF121F6DCD4D005EFBC8 /* HelloCLLocationManager.app */,
			);
			name = Products;
			sourceTree = "<group>";
		};
		27ABAF141F6DCD4D005EFBC8 /* HelloCLLocationManager */ = {
			isa = PBXGroup;
			children = (
				27ABAF151F6DCD4D005EFBC8 /* AppDelegate.swift */,
				27ABAF171F6DCD4D005EFBC8 /* ViewController.swift */,
				27ABAF191F6DCD4D005EFBC8 /* Main.storyboard */,
				27ABAF1C1F6DCD4D005EFBC8 /* Assets.xcassets */,
				27ABAF1E1F6DCD4D005EFBC8 /* LaunchScreen.storyboard */,
				27ABAF211F6DCD4D005EFBC8 /* Info.plist */,
			);
			path = HelloCLLocationManager;
			sourceTree = "<group>";
		};
/* End PBXGroup section */

/* Begin PBXNativeTarget section */
		27ABAF111F6DCD4D005EFBC8 /* HelloCLLocationManager */ = {
			isa = PBXNativeTarget;
			buildConfigurationList = 27ABAF241F6DCD4D005EFBC8 /* Build configuration list for PBXNativeTarget "HelloCLLocationManager" */;
			buildPhases = (
				27ABAF0E1F6DCD4D005EFBC8 /* Sources */,
				27ABAF0F1F6DCD4D005EFBC8 /* Frameworks */,
				27ABAF101F6DCD4D005EFBC8 /* Resources */,
			);
			buildRules = (
			);
			dependencies = (
			);
			name = HelloCLLocationManager;
			productName = HelloCLLocationManager;
			productReference = 27ABAF121F6DCD4D005EFBC8 /* HelloCLLocationManager.app */;
			productType = "com.apple.product-type.application";
		};
/* End PBXNativeTarget section */

/* Begin PBXProject section */
		27ABAF0A1F6DCD4D005EFBC8 /* Project object */ = {
			isa = PBXProject;
			attributes = {
				LastSwiftUpdateCheck = 0900;
				LastUpgradeCheck = 0900;
				ORGANIZATIONNAME = mike;
				TargetAttributes = {
					27ABAF111F6DCD4D005EFBC8 = {
						CreatedOnToolsVersion = 9.0;
						ProvisioningStyle = Automatic;
					};
				};
			};
			buildConfigurationList = 27ABAF0D1F6DCD4D005EFBC8 /* Build configuration list for PBXProject "HelloCLLocationManager" */;
			compatibilityVersion = "Xcode 8.0";
			developmentRegion = en;
			hasScannedForEncodings = 0;
			knownRegions = (
				en,
				Base,
			);
			mainGroup = 27ABAF091F6DCD4D005EFBC8;
			productRefGroup = 27ABAF131F6DCD4D005EFBC8 /* Products */;
			projectDirPath = "";
			projectRoot = "";
			targets = (
				27ABAF111F6DCD4D005EFBC8 /* HelloCLLocationManager */,
			);
		};
/* End PBXProject section */

/* Begin PBXResourcesBuildPhase section */
		27ABAF101F6DCD4D005EFBC8 /* Resources */ = {
			isa = PBXResourcesBuildPhase;
			buildActionMask = 2147483647;
			files = (
				27ABAF201F6DCD4D005EFBC8 /* LaunchScreen.storyboard in Resources */,
				27ABAF1D1F6DCD4D005EFBC8 /* Assets.xcassets in Resources */,
				27ABAF1B1F6DCD4D005EFBC8 /* Main.storyboard in Resources */,
			);
			runOnlyForDeploymentPostprocessing = 0;
		};
/* End PBXResourcesBuildPhase section */

/* Begin PBXSourcesBuildPhase section */
		27ABAF0E1F6DCD4D005EFBC8 /* Sources */ = {
			isa = PBXSourcesBuildPhase;
			buildActionMask = 2147483647;
			files = (
				27ABAF181F6DCD4D005EFBC8 /* ViewController.swift in Sources */,
				27ABAF161F6DCD4D005EFBC8 /* AppDelegate.swift in Sources */,
			);
			runOnlyForDeploymentPostprocessing = 0;
		};
/* End PBXSourcesBuildPhase section */

/* Begin PBXVariantGroup section */
		27ABAF191F6DCD4D005EFBC8 /* Main.storyboard */ = {
			isa = PBXVariantGroup;
			children = (
				27ABAF1A1F6DCD4D005EFBC8 /* Base */,
			);
			name = Main.storyboard;
			sourceTree = "<group>";
		};
		27ABAF1E1F6DCD4D005EFBC8 /* LaunchScreen.storyboard */ = {
			isa = PBXVariantGroup;
			children = (
				27ABAF1F1F6DCD4D005EFBC8 /* Base */,
			);
			name = LaunchScreen.storyboard;
			sourceTree = "<group>";
		};
/* End PBXVariantGroup section */

/* Begin XCBuildConfiguration section */
		27ABAF221F6DCD4D005EFBC8 /* Debug */ = {
			isa = XCBuildConfiguration;
			buildSettings = {
				ALWAYS_SEARCH_USER_PATHS = NO;
				CLANG_ANALYZER_NONNULL = YES;
				CLANG_ANALYZER_NUMBER_OBJECT_CONVERSION = YES_AGGRESSIVE;
				CLANG_CXX_LANGUAGE_STANDARD = "gnu++14";
				CLANG_CXX_LIBRARY = "libc++";
				CLANG_ENABLE_MODULES = YES;
				CLANG_ENABLE_OBJC_ARC = YES;
				CLANG_WARN_BLOCK_CAPTURE_AUTORELEASING = YES;
				CLANG_WARN_BOOL_CONVERSION = YES;
				CLANG_WARN_COMMA = YES;
				CLANG_WARN_CONSTANT_CONVERSION = YES;
				CLANG_WARN_DIRECT_OBJC_ISA_USAGE = YES_ERROR;
				CLANG_WARN_DOCUMENTATION_COMMENTS = YES;
				CLANG_WARN_EMPTY_BODY = YES;
				CLANG_WARN_ENUM_CONVERSION = YES;
				CLANG_WARN_INFINITE_RECURSION = YES;
				CLANG_WARN_INT_CONVERSION = YES;
				CLANG_WARN_NON_LITERAL_NULL_CONVERSION = YES;
				CLANG_WARN_OBJC_LITERAL_CONVERSION = YES;
				CLANG_WARN_OBJC_ROOT_CLASS = YES_ERROR;
				CLANG_WARN_RANGE_LOOP_ANALYSIS = YES;
				CLANG_WARN_STRICT_PROTOTYPES = YES;
				CLANG_WARN_SUSPICIOUS_MOVE = YES;
				CLANG_WARN_UNGUARDED_AVAILABILITY = YES_AGGRESSIVE;
				CLANG_WARN_UNREACHABLE_CODE = YES;
				CLANG_WARN__DUPLICATE_METHOD_MATCH = YES;
				CODE_SIGN_IDENTITY = "iPhone Developer";
				COPY_PHASE_STRIP = NO;
				DEBUG_INFORMATION_FORMAT = dwarf;
				ENABLE_STRICT_OBJC_MSGSEND = YES;
				ENABLE_TESTABILITY = YES;
				GCC_C_LANGUAGE_STANDARD = gnu11;
				GCC_DYNAMIC_NO_PIC = NO;
				GCC_NO_COMMON_BLOCKS = YES;
				GCC_OPTIMIZATION_LEVEL = 0;
				GCC_PREPROCESSOR_DEFINITIONS = (
					"DEBUG=1",
					"$(inherited)",
				);
				GCC_WARN_64_TO_32_BIT_CONVERSION = YES;
				GCC_WARN_ABOUT_RETURN_TYPE = YES_ERROR;
				GCC_WARN_UNDECLARED_SELECTOR = YES;
				GCC_WARN_UNINITIALIZED_AUTOS = YES_AGGRESSIVE;
				GCC_WARN_UNUSED_FUNCTION = YES;
				GCC_WARN_UNUSED_VARIABLE = YES;
				IPHONEOS_DEPLOYMENT_TARGET = 11.0;
				MTL_ENABLE_DEBUG_INFO = YES;
				ONLY_ACTIVE_ARCH = YES;
				SDKROOT = iphoneos;
				SWIFT_ACTIVE_COMPILATION_CONDITIONS = DEBUG;
				SWIFT_OPTIMIZATION_LEVEL = "-Onone";
			};
			name = Debug;
		};
		27ABAF231F6DCD4D005EFBC8 /* Release */ = {
			isa = XCBuildConfiguration;
			buildSettings = {
				ALWAYS_SEARCH_USER_PATHS = NO;
				CLANG_ANALYZER_NONNULL = YES;
				CLANG_ANALYZER_NUMBER_OBJECT_CONVERSION = YES_AGGRESSIVE;
				CLANG_CXX_LANGUAGE_STANDARD = "gnu++14";
				CLANG_CXX_LIBRARY = "libc++";
				CLANG_ENABLE_MODULES = YES;
				CLANG_ENABLE_OBJC_ARC = YES;
				CLANG_WARN_BLOCK_CAPTURE_AUTORELEASING = YES;
				CLANG_WARN_BOOL_CONVERSION = YES;
				CLANG_WARN_COMMA = YES;
				CLANG_WARN_CONSTANT_CONVERSION = YES;
				CLANG_WARN_DIRECT_OBJC_ISA_USAGE = YES_ERROR;
				CLANG_WARN_DOCUMENTATION_COMMENTS = YES;
				CLANG_WARN_EMPTY_BODY = YES;
				CLANG_WARN_ENUM_CONVERSION = YES;
				CLANG_WARN_INFINITE_RECURSION = YES;
				CLANG_WARN_INT_CONVERSION = YES;
				CLANG_WARN_NON_LITERAL_NULL_CONVERSION = YES;
				CLANG_WARN_OBJC_LITERAL_CONVERSION = YES;
				CLANG_WARN_OBJC_ROOT_CLASS = YES_ERROR;
				CLANG_WARN_RANGE_LOOP_ANALYSIS = YES;
				CLANG_WARN_STRICT_PROTOTYPES = YES;
				CLANG_WARN_SUSPICIOUS_MOVE = YES;
				CLANG_WARN_UNGUARDED_AVAILABILITY = YES_AGGRESSIVE;
				CLANG_WARN_UNREACHABLE_CODE = YES;
				CLANG_WARN__DUPLICATE_METHOD_MATCH = YES;
				CODE_SIGN_IDENTITY = "iPhone Developer";
				COPY_PHASE_STRIP = NO;
				DEBUG_INFORMATION_FORMAT = "dwarf-with-dsym";
				ENABLE_NS_ASSERTIONS = NO;
				ENABLE_STRICT_OBJC_MSGSEND = YES;
				GCC_C_LANGUAGE_STANDARD = gnu11;
				GCC_NO_COMMON_BLOCKS = YES;
				GCC_WARN_64_TO_32_BIT_CONVERSION = YES;
				GCC_WARN_ABOUT_RETURN_TYPE = YES_ERROR;
				GCC_WARN_UNDECLARED_SELECTOR = YES;
				GCC_WARN_UNINITIALIZED_AUTOS = YES_AGGRESSIVE;
				GCC_WARN_UNUSED_FUNCTION = YES;
				GCC_WARN_UNUSED_VARIABLE = YES;
				IPHONEOS_DEPLOYMENT_TARGET = 11.0;
				MTL_ENABLE_DEBUG_INFO = NO;
				SDKROOT = iphoneos;
				SWIFT_OPTIMIZATION_LEVEL = "-Owholemodule";
				VALIDATE_PRODUCT = YES;
			};
			name = Release;
		};
		27ABAF251F6DCD4D005EFBC8 /* Debug */ = {
			isa = XCBuildConfiguration;
			buildSettings = {
				ASSETCATALOG_COMPILER_APPICON_NAME = AppIcon;
				CODE_SIGN_STYLE = Automatic;
				INFOPLIST_FILE = HelloCLLocationManager/Info.plist;
				LD_RUNPATH_SEARCH_PATHS = "$(inherited) @executable_path/Frameworks";
				PRODUCT_BUNDLE_IDENTIFIER = com.mike.HelloCLLocationManager;
				PRODUCT_NAME = "$(TARGET_NAME)";
				SWIFT_VERSION = 4.0;
				TARGETED_DEVICE_FAMILY = "1,2";
			};
			name = Debug;
		};
		27ABAF261F6DCD4D005EFBC8 /* Release */ = {
			isa = XCBuildConfiguration;
			buildSettings = {
				ASSETCATALOG_COMPILER_APPICON_NAME = AppIcon;
				CODE_SIGN_STYLE = Automatic;
				INFOPLIST_FILE = HelloCLLocationManager/Info.plist;
				LD_RUNPATH_SEARCH_PATHS = "$(inherited) @executable_path/Frameworks";
				PRODUCT_BUNDLE_IDENTIFIER = com.mike.HelloCLLocationManager;
				PRODUCT_NAME = "$(TARGET_NAME)";
				SWIFT_VERSION = 4.0;
				TARGETED_DEVICE_FAMILY = "1,2";
			};
			name = Release;
		};
/* End XCBuildConfiguration section */

/* Begin XCConfigurationList section */
		27ABAF0D1F6DCD4D005EFBC8 /* Build configuration list for PBXProject "HelloCLLocationManager" */ = {
			isa = XCConfigurationList;
			buildConfigurations = (
				27ABAF221F6DCD4D005EFBC8 /* Debug */,
				27ABAF231F6DCD4D005EFBC8 /* Release */,
			);
			defaultConfigurationIsVisible = 0;
			defaultConfigurationName = Release;
		};
		27ABAF241F6DCD4D005EFBC8 /* Build configuration list for PBXNativeTarget "HelloCLLocationManager" */ = {
			isa = XCConfigurationList;
			buildConfigurations = (
				27ABAF251F6DCD4D005EFBC8 /* Debug */,
				27ABAF261F6DCD4D005EFBC8 /* Release */,
			);
			defaultConfigurationIsVisible = 0;
			defaultConfigurationName = Release;
		};
/* End XCConfigurationList section */
	};
	rootObject = 27ABAF0A1F6DCD4D005EFBC8 /* Project object */;
}
