// !$*UTF8*$!
{
	archiveVersion = 1;
	classes = {
	};
	objectVersion = 48;
	objects = {

/* Begin PBXBuildFile section */
		27A97CFF1F6AFF60000B9403 /* AppDelegate.swift in Sources */ = {isa = PBXBuildFile; fileRef = 27A97CFE1F6AFF60000B9403 /* AppDelegate.swift */; };
		27A97D011F6AFF60000B9403 /* ViewController.swift in Sources */ = {isa = PBXBuildFile; fileRef = 27A97D001F6AFF60000B9403 /* ViewController.swift */; };
		27A97D041F6AFF60000B9403 /* Main.storyboard in Resources */ = {isa = PBXBuildFile; fileRef = 27A97D021F6AFF60000B9403 /* Main.storyboard */; };
		27A97D061F6AFF60000B9403 /* Assets.xcassets in Resources */ = {isa = PBXBuildFile; fileRef = 27A97D051F6AFF60000B9403 /* Assets.xcassets */; };
		27A97D091F6AFF60000B9403 /* LaunchScreen.storyboard in Resources */ = {isa = PBXBuildFile; fileRef = 27A97D071F6AFF60000B9403 /* LaunchScreen.storyboard */; };
		27A97D111F6B00B5000B9403 /* NewViewController.swift in Sources */ = {isa = PBXBuildFile; fileRef = 27A97D101F6B00B5000B9403 /* NewViewController.swift */; };
/* End PBXBuildFile section */

/* Begin PBXFileReference section */
		27A97CFB1F6AFF60000B9403 /* HelloNewSet.app */ = {isa = PBXFileReference; explicitFileType = wrapper.application; includeInIndex = 0; path = HelloNewSet.app; sourceTree = BUILT_PRODUCTS_DIR; };
		27A97CFE1F6AFF60000B9403 /* AppDelegate.swift */ = {isa = PBXFileReference; lastKnownFileType = sourcecode.swift; path = AppDelegate.swift; sourceTree = "<group>"; };
		27A97D001F6AFF60000B9403 /* ViewController.swift */ = {isa = PBXFileReference; lastKnownFileType = sourcecode.swift; path = ViewController.swift; sourceTree = "<group>"; };
		27A97D031F6AFF60000B9403 /* Base */ = {isa = PBXFileReference; lastKnownFileType = file.storyboard; name = Base; path = Base.lproj/Main.storyboard; sourceTree = "<group>"; };
		27A97D051F6AFF60000B9403 /* Assets.xcassets */ = {isa = PBXFileReference; lastKnownFileType = folder.assetcatalog; path = Assets.xcassets; sourceTree = "<group>"; };
		27A97D081F6AFF60000B9403 /* Base */ = {isa = PBXFileReference; lastKnownFileType = file.storyboard; name = Base; path = Base.lproj/LaunchScreen.storyboard; sourceTree = "<group>"; };
		27A97D0A1F6AFF60000B9403 /* Info.plist */ = {isa = PBXFileReference; lastKnownFileType = text.plist.xml; path = Info.plist; sourceTree = "<group>"; };
		27A97D101F6B00B5000B9403 /* NewViewController.swift */ = {isa = PBXFileReference; lastKnownFileType = sourcecode.swift; path = NewViewController.swift; sourceTree = "<group>"; };
/* End PBXFileReference section */

/* Begin PBXFrameworksBuildPhase section */
		27A97CF81F6AFF60000B9403 /* Frameworks */ = {
			isa = PBXFrameworksBuildPhase;
			buildActionMask = 2147483647;
			files = (
			);
			runOnlyForDeploymentPostprocessing = 0;
		};
/* End PBXFrameworksBuildPhase section */

/* Begin PBXGroup section */
		27A97CF21F6AFF60000B9403 = {
			isa = PBXGroup;
			children = (
				27A97CFD1F6AFF60000B9403 /* HelloNewSet */,
				27A97CFC1F6AFF60000B9403 /* Products */,
			);
			sourceTree = "<group>";
		};
		27A97CFC1F6AFF60000B9403 /* Products */ = {
			isa = PBXGroup;
			children = (
				27A97CFB1F6AFF60000B9403 /* HelloNewSet.app */,
			);
			name = Products;
			sourceTree = "<group>";
		};
		27A97CFD1F6AFF60000B9403 /* HelloNewSet */ = {
			isa = PBXGroup;
			children = (
				27A97CFE1F6AFF60000B9403 /* AppDelegate.swift */,
				27A97D001F6AFF60000B9403 /* ViewController.swift */,
				27A97D101F6B00B5000B9403 /* NewViewController.swift */,
				27A97D021F6AFF60000B9403 /* Main.storyboard */,
				27A97D051F6AFF60000B9403 /* Assets.xcassets */,
				27A97D071F6AFF60000B9403 /* LaunchScreen.storyboard */,
				27A97D0A1F6AFF60000B9403 /* Info.plist */,
			);
			path = HelloNewSet;
			sourceTree = "<group>";
		};
/* End PBXGroup section */

/* Begin PBXNativeTarget section */
		27A97CFA1F6AFF60000B9403 /* HelloNewSet */ = {
			isa = PBXNativeTarget;
			buildConfigurationList = 27A97D0D1F6AFF60000B9403 /* Build configuration list for PBXNativeTarget "HelloNewSet" */;
			buildPhases = (
				27A97CF71F6AFF60000B9403 /* Sources */,
				27A97CF81F6AFF60000B9403 /* Frameworks */,
				27A97CF91F6AFF60000B9403 /* Resources */,
			);
			buildRules = (
			);
			dependencies = (
			);
			name = HelloNewSet;
			productName = HelloNewSet;
			productReference = 27A97CFB1F6AFF60000B9403 /* HelloNewSet.app */;
			productType = "com.apple.product-type.application";
		};
/* End PBXNativeTarget section */

/* Begin PBXProject section */
		27A97CF31F6AFF60000B9403 /* Project object */ = {
			isa = PBXProject;
			attributes = {
				LastSwiftUpdateCheck = 0900;
				LastUpgradeCheck = 0900;
				ORGANIZATIONNAME = mike;
				TargetAttributes = {
					27A97CFA1F6AFF60000B9403 = {
						CreatedOnToolsVersion = 9.0;
						ProvisioningStyle = Automatic;
					};
				};
			};
			buildConfigurationList = 27A97CF61F6AFF60000B9403 /* Build configuration list for PBXProject "HelloNewSet" */;
			compatibilityVersion = "Xcode 8.0";
			developmentRegion = en;
			hasScannedForEncodings = 0;
			knownRegions = (
				en,
				Base,
			);
			mainGroup = 27A97CF21F6AFF60000B9403;
			productRefGroup = 27A97CFC1F6AFF60000B9403 /* Products */;
			projectDirPath = "";
			projectRoot = "";
			targets = (
				27A97CFA1F6AFF60000B9403 /* HelloNewSet */,
			);
		};
/* End PBXProject section */

/* Begin PBXResourcesBuildPhase section */
		27A97CF91F6AFF60000B9403 /* Resources */ = {
			isa = PBXResourcesBuildPhase;
			buildActionMask = 2147483647;
			files = (
				27A97D091F6AFF60000B9403 /* LaunchScreen.storyboard in Resources */,
				27A97D061F6AFF60000B9403 /* Assets.xcassets in Resources */,
				27A97D041F6AFF60000B9403 /* Main.storyboard in Resources */,
			);
			runOnlyForDeploymentPostprocessing = 0;
		};
/* End PBXResourcesBuildPhase section */

/* Begin PBXSourcesBuildPhase section */
		27A97CF71F6AFF60000B9403 /* Sources */ = {
			isa = PBXSourcesBuildPhase;
			buildActionMask = 2147483647;
			files = (
				27A97D111F6B00B5000B9403 /* NewViewController.swift in Sources */,
				27A97D011F6AFF60000B9403 /* ViewController.swift in Sources */,
				27A97CFF1F6AFF60000B9403 /* AppDelegate.swift in Sources */,
			);
			runOnlyForDeploymentPostprocessing = 0;
		};
/* End PBXSourcesBuildPhase section */

/* Begin PBXVariantGroup section */
		27A97D021F6AFF60000B9403 /* Main.storyboard */ = {
			isa = PBXVariantGroup;
			children = (
				27A97D031F6AFF60000B9403 /* Base */,
			);
			name = Main.storyboard;
			sourceTree = "<group>";
		};
		27A97D071F6AFF60000B9403 /* LaunchScreen.storyboard */ = {
			isa = PBXVariantGroup;
			children = (
				27A97D081F6AFF60000B9403 /* Base */,
			);
			name = LaunchScreen.storyboard;
			sourceTree = "<group>";
		};
/* End PBXVariantGroup section */

/* Begin XCBuildConfiguration section */
		27A97D0B1F6AFF60000B9403 /* Debug */ = {
			isa = XCBuildConfiguration;
			buildSettings = {
				ALWAYS_SEARCH_USER_PATHS = NO;
				CLANG_ANALYZER_NONNULL = YES;
				CLANG_ANALYZER_NUMBER_OBJECT_CONVERSION = YES_AGGRESSIVE;
				CLANG_CXX_LANGUAGE_STANDARD = "gnu++14";
				CLANG_CXX_LIBRARY = "libc++";
				CLANG_ENABLE_MODULES = YES;
				CLANG_ENABLE_OBJC_ARC = YES;
				CLANG_WARN_BLOCK_CAPTURE_AUTORELEASING = YES;
				CLANG_WARN_BOOL_CONVERSION = YES;
				CLANG_WARN_COMMA = YES;
				CLANG_WARN_CONSTANT_CONVERSION = YES;
				CLANG_WARN_DIRECT_OBJC_ISA_USAGE = YES_ERROR;
				CLANG_WARN_DOCUMENTATION_COMMENTS = YES;
				CLANG_WARN_EMPTY_BODY = YES;
				CLANG_WARN_ENUM_CONVERSION = YES;
				CLANG_WARN_INFINITE_RECURSION = YES;
				CLANG_WARN_INT_CONVERSION = YES;
				CLANG_WARN_NON_LITERAL_NULL_CONVERSION = YES;
				CLANG_WARN_OBJC_LITERAL_CONVERSION = YES;
				CLANG_WARN_OBJC_ROOT_CLASS = YES_ERROR;
				CLANG_WARN_RANGE_LOOP_ANALYSIS = YES;
				CLANG_WARN_STRICT_PROTOTYPES = YES;
				CLANG_WARN_SUSPICIOUS_MOVE = YES;
				CLANG_WARN_UNGUARDED_AVAILABILITY = YES_AGGRESSIVE;
				CLANG_WARN_UNREACHABLE_CODE = YES;
				CLANG_WARN__DUPLICATE_METHOD_MATCH = YES;
				CODE_SIGN_IDENTITY = "iPhone Developer";
				COPY_PHASE_STRIP = NO;
				DEBUG_INFORMATION_FORMAT = dwarf;
				ENABLE_STRICT_OBJC_MSGSEND = YES;
				ENABLE_TESTABILITY = YES;
				GCC_C_LANGUAGE_STANDARD = gnu11;
				GCC_DYNAMIC_NO_PIC = NO;
				GCC_NO_COMMON_BLOCKS = YES;
				GCC_OPTIMIZATION_LEVEL = 0;
				GCC_PREPROCESSOR_DEFINITIONS = (
					"DEBUG=1",
					"$(inherited)",
				);
				GCC_WARN_64_TO_32_BIT_CONVERSION = YES;
				GCC_WARN_ABOUT_RETURN_TYPE = YES_ERROR;
				GCC_WARN_UNDECLARED_SELECTOR = YES;
				GCC_WARN_UNINITIALIZED_AUTOS = YES_AGGRESSIVE;
				GCC_WARN_UNUSED_FUNCTION = YES;
				GCC_WARN_UNUSED_VARIABLE = YES;
				IPHONEOS_DEPLOYMENT_TARGET = 11.0;
				MTL_ENABLE_DEBUG_INFO = YES;
				ONLY_ACTIVE_ARCH = YES;
				SDKROOT = iphoneos;
				SWIFT_ACTIVE_COMPILATION_CONDITIONS = DEBUG;
				SWIFT_OPTIMIZATION_LEVEL = "-Onone";
			};
			name = Debug;
		};
		27A97D0C1F6AFF60000B9403 /* Release */ = {
			isa = XCBuildConfiguration;
			buildSettings = {
				ALWAYS_SEARCH_USER_PATHS = NO;
				CLANG_ANALYZER_NONNULL = YES;
				CLANG_ANALYZER_NUMBER_OBJECT_CONVERSION = YES_AGGRESSIVE;
				CLANG_CXX_LANGUAGE_STANDARD = "gnu++14";
				CLANG_CXX_LIBRARY = "libc++";
				CLANG_ENABLE_MODULES = YES;
				CLANG_ENABLE_OBJC_ARC = YES;
				CLANG_WARN_BLOCK_CAPTURE_AUTORELEASING = YES;
				CLANG_WARN_BOOL_CONVERSION = YES;
				CLANG_WARN_COMMA = YES;
				CLANG_WARN_CONSTANT_CONVERSION = YES;
				CLANG_WARN_DIRECT_OBJC_ISA_USAGE = YES_ERROR;
				CLANG_WARN_DOCUMENTATION_COMMENTS = YES;
				CLANG_WARN_EMPTY_BODY = YES;
				CLANG_WARN_ENUM_CONVERSION = YES;
				CLANG_WARN_INFINITE_RECURSION = YES;
				CLANG_WARN_INT_CONVERSION = YES;
				CLANG_WARN_NON_LITERAL_NULL_CONVERSION = YES;
				CLANG_WARN_OBJC_LITERAL_CONVERSION = YES;
				CLANG_WARN_OBJC_ROOT_CLASS = YES_ERROR;
				CLANG_WARN_RANGE_LOOP_ANALYSIS = YES;
				CLANG_WARN_STRICT_PROTOTYPES = YES;
				CLANG_WARN_SUSPICIOUS_MOVE = YES;
				CLANG_WARN_UNGUARDED_AVAILABILITY = YES_AGGRESSIVE;
				CLANG_WARN_UNREACHABLE_CODE = YES;
				CLANG_WARN__DUPLICATE_METHOD_MATCH = YES;
				CODE_SIGN_IDENTITY = "iPhone Developer";
				COPY_PHASE_STRIP = NO;
				DEBUG_INFORMATION_FORMAT = "dwarf-with-dsym";
				ENABLE_NS_ASSERTIONS = NO;
				ENABLE_STRICT_OBJC_MSGSEND = YES;
				GCC_C_LANGUAGE_STANDARD = gnu11;
				GCC_NO_COMMON_BLOCKS = YES;
				GCC_WARN_64_TO_32_BIT_CONVERSION = YES;
				GCC_WARN_ABOUT_RETURN_TYPE = YES_ERROR;
				GCC_WARN_UNDECLARED_SELECTOR = YES;
				GCC_WARN_UNINITIALIZED_AUTOS = YES_AGGRESSIVE;
				GCC_WARN_UNUSED_FUNCTION = YES;
				GCC_WARN_UNUSED_VARIABLE = YES;
				IPHONEOS_DEPLOYMENT_TARGET = 11.0;
				MTL_ENABLE_DEBUG_INFO = NO;
				SDKROOT = iphoneos;
				SWIFT_OPTIMIZATION_LEVEL = "-Owholemodule";
				VALIDATE_PRODUCT = YES;
			};
			name = Release;
		};
		27A97D0E1F6AFF60000B9403 /* Debug */ = {
			isa = XCBuildConfiguration;
			buildSettings = {
				ASSETCATALOG_COMPILER_APPICON_NAME = AppIcon;
				CODE_SIGN_STYLE = Automatic;
				INFOPLIST_FILE = HelloNewSet/Info.plist;
				LD_RUNPATH_SEARCH_PATHS = "$(inherited) @executable_path/Frameworks";
				PRODUCT_BUNDLE_IDENTIFIER = com.mike.HelloNewSet;
				PRODUCT_NAME = "$(TARGET_NAME)";
				SWIFT_VERSION = 4.0;
				TARGETED_DEVICE_FAMILY = "1,2";
			};
			name = Debug;
		};
		27A97D0F1F6AFF60000B9403 /* Release */ = {
			isa = XCBuildConfiguration;
			buildSettings = {
				ASSETCATALOG_COMPILER_APPICON_NAME = AppIcon;
				CODE_SIGN_STYLE = Automatic;
				INFOPLIST_FILE = HelloNewSet/Info.plist;
				LD_RUNPATH_SEARCH_PATHS = "$(inherited) @executable_path/Frameworks";
				PRODUCT_BUNDLE_IDENTIFIER = com.mike.HelloNewSet;
				PRODUCT_NAME = "$(TARGET_NAME)";
				SWIFT_VERSION = 4.0;
				TARGETED_DEVICE_FAMILY = "1,2";
			};
			name = Release;
		};
/* End XCBuildConfiguration section */

/* Begin XCConfigurationList section */
		27A97CF61F6AFF60000B9403 /* Build configuration list for PBXProject "HelloNewSet" */ = {
			isa = XCConfigurationList;
			buildConfigurations = (
				27A97D0B1F6AFF60000B9403 /* Debug */,
				27A97D0C1F6AFF60000B9403 /* Release */,
			);
			defaultConfigurationIsVisible = 0;
			defaultConfigurationName = Release;
		};
		27A97D0D1F6AFF60000B9403 /* Build configuration list for PBXNativeTarget "HelloNewSet" */ = {
			isa = XCConfigurationList;
			buildConfigurations = (
				27A97D0E1F6AFF60000B9403 /* Debug */,
				27A97D0F1F6AFF60000B9403 /* Release */,
			);
			defaultConfigurationIsVisible = 0;
			defaultConfigurationName = Release;
		};
/* End XCConfigurationList section */
	};
	rootObject = 27A97CF31F6AFF60000B9403 /* Project object */;
}
